// !$*UTF8*$!
{
	archiveVersion = 1;
	classes = {
	};
	objectVersion = 50;
	objects = {

/* Begin PBXBuildFile section */
		041DC7A229A75A680013D4E2 /* ScrollerLabel.m in Sources */ = {isa = PBXBuildFile; fileRef = 041DC7A129A75A680013D4E2 /* ScrollerLabel.m */; };
		041DC7A529A75AC40013D4E2 /* UIStyleViewController.m in Sources */ = {isa = PBXBuildFile; fileRef = 041DC7A429A75AC40013D4E2 /* UIStyleViewController.m */; };
		043F86D228ABBF22003268EC /* NSArray+TCSSafe.m in Sources */ = {isa = PBXBuildFile; fileRef = 043F86D128ABBF22003268EC /* NSArray+TCSSafe.m */; };
		043F86D628ABC641003268EC /* UIButton+Ex.m in Sources */ = {isa = PBXBuildFile; fileRef = 043F86D428ABC641003268EC /* UIButton+Ex.m */; };
		04496892291CD5A200DF0E5E /* ClassStructEnum.swift in Sources */ = {isa = PBXBuildFile; fileRef = 04496891291CD5A200DF0E5E /* ClassStructEnum.swift */; };
		046056AA296D3F9D00A3D8E0 /* ImageWithBtn.m in Sources */ = {isa = PBXBuildFile; fileRef = 046056A8296D3F9D00A3D8E0 /* ImageWithBtn.m */; };
		0461C3DD28D2C7B40071D5DC /* ToolClass.m in Sources */ = {isa = PBXBuildFile; fileRef = 0461C3DC28D2C7B40071D5DC /* ToolClass.m */; };
		048DA3BA2938841000C15FD7 /* UIView+ShadowRadiusSide.m in Sources */ = {isa = PBXBuildFile; fileRef = 048DA3B82938841000C15FD7 /* UIView+ShadowRadiusSide.m */; };
		04B42FB72902400700291318 /* LoginInfo.m in Sources */ = {isa = PBXBuildFile; fileRef = 04B42FB62902400700291318 /* LoginInfo.m */; };
		04B42FBA29024B2400291318 /* HSFeedsViewController.m in Sources */ = {isa = PBXBuildFile; fileRef = 04B42FB929024B2400291318 /* HSFeedsViewController.m */; };
		04E2A3EA29A764F600F7C46C /* AVSpeechSynthesizerManger.m in Sources */ = {isa = PBXBuildFile; fileRef = 04E2A3E929A764F600F7C46C /* AVSpeechSynthesizerManger.m */; };
		04EC655228BF588700742E08 /* UIButton+DelaySwizzling.m in Sources */ = {isa = PBXBuildFile; fileRef = 04EC655128BF588600742E08 /* UIButton+DelaySwizzling.m */; };
		04EC655528BF60ED00742E08 /* UITableView+ReloadDataSwizzling.m in Sources */ = {isa = PBXBuildFile; fileRef = 04EC655428BF60ED00742E08 /* UITableView+ReloadDataSwizzling.m */; };
		04EC655828BF61AF00742E08 /* TCSTabPlaceholderView.swift in Sources */ = {isa = PBXBuildFile; fileRef = 04EC655728BF61AF00742E08 /* TCSTabPlaceholderView.swift */; };
		1846904725BFFB10009E879B /* FNPAFSecurityPolicy.m in Sources */ = {isa = PBXBuildFile; fileRef = 1846903625BFFB10009E879B /* FNPAFSecurityPolicy.m */; };
		1846904825BFFB10009E879B /* FNPAFURLRequestSerialization.m in Sources */ = {isa = PBXBuildFile; fileRef = 1846903925BFFB10009E879B /* FNPAFURLRequestSerialization.m */; };
		1846904925BFFB10009E879B /* FNPAFURLResponseSerialization.m in Sources */ = {isa = PBXBuildFile; fileRef = 1846903C25BFFB10009E879B /* FNPAFURLResponseSerialization.m */; };
		1846904A25BFFB10009E879B /* FNPAFNetworkReachabilityManager.m in Sources */ = {isa = PBXBuildFile; fileRef = 1846904025BFFB10009E879B /* FNPAFNetworkReachabilityManager.m */; };
		1846904B25BFFB10009E879B /* FNPAFHTTPSessionManager.m in Sources */ = {isa = PBXBuildFile; fileRef = 1846904225BFFB10009E879B /* FNPAFHTTPSessionManager.m */; };
		1846904C25BFFB10009E879B /* FNPAFURLSessionManager.m in Sources */ = {isa = PBXBuildFile; fileRef = 1846904325BFFB10009E879B /* FNPAFURLSessionManager.m */; };
		1846911825C1613F009E879B /* FNPSDWebImageDownloader.m in Sources */ = {isa = PBXBuildFile; fileRef = 184690F125C1613F009E879B /* FNPSDWebImageDownloader.m */; };
		1846911925C1613F009E879B /* FNPSDWebImageCoderHelper.m in Sources */ = {isa = PBXBuildFile; fileRef = 184690F325C1613F009E879B /* FNPSDWebImageCoderHelper.m */; };
		1846911A25C1613F009E879B /* FNPSDImageCacheConfig.m in Sources */ = {isa = PBXBuildFile; fileRef = 184690F525C1613F009E879B /* FNPSDImageCacheConfig.m */; };
		1846911B25C1613F009E879B /* FNPSDWebImageCodersManager.m in Sources */ = {isa = PBXBuildFile; fileRef = 184690F625C1613F009E879B /* FNPSDWebImageCodersManager.m */; };
		1846911C25C1613F009E879B /* FNPSDWebImageGIFCoder.m in Sources */ = {isa = PBXBuildFile; fileRef = 184690F725C1613F009E879B /* FNPSDWebImageGIFCoder.m */; };
		1846911D25C1613F009E879B /* FNPSDWebImageManager.m in Sources */ = {isa = PBXBuildFile; fileRef = 184690F825C1613F009E879B /* FNPSDWebImageManager.m */; };
		1846911E25C1613F009E879B /* UIImage+FNPMultiFormat.m in Sources */ = {isa = PBXBuildFile; fileRef = 184690FB25C1613F009E879B /* UIImage+FNPMultiFormat.m */; };
		1846911F25C1613F009E879B /* UIImageView+FNPWebCache.m in Sources */ = {isa = PBXBuildFile; fileRef = 184690FE25C1613F009E879B /* UIImageView+FNPWebCache.m */; };
		1846912025C1613F009E879B /* FNPSDWebImageFrame.m in Sources */ = {isa = PBXBuildFile; fileRef = 1846910125C1613F009E879B /* FNPSDWebImageFrame.m */; };
		1846912125C1613F009E879B /* FNPSDWebImageCompat.m in Sources */ = {isa = PBXBuildFile; fileRef = 1846910225C1613F009E879B /* FNPSDWebImageCompat.m */; };
		1846912225C1613F009E879B /* UIView+FNPWebCache.m in Sources */ = {isa = PBXBuildFile; fileRef = 1846910325C1613F009E879B /* UIView+FNPWebCache.m */; };
		1846912325C1613F009E879B /* UIView+FNPWebCacheOperation.m in Sources */ = {isa = PBXBuildFile; fileRef = 1846910425C1613F009E879B /* UIView+FNPWebCacheOperation.m */; };
		1846912425C1613F009E879B /* FNPSDImageCache.m in Sources */ = {isa = PBXBuildFile; fileRef = 1846910525C1613F009E879B /* FNPSDImageCache.m */; };
		1846912525C1613F009E879B /* FNPSDWebImageImageIOCoder.m in Sources */ = {isa = PBXBuildFile; fileRef = 1846910725C1613F009E879B /* FNPSDWebImageImageIOCoder.m */; };
		1846912625C1613F009E879B /* NSData+FNPImageContentType.m in Sources */ = {isa = PBXBuildFile; fileRef = 1846910C25C1613F009E879B /* NSData+FNPImageContentType.m */; };
		1846912725C1613F009E879B /* NSImage+FNPWebCache.m in Sources */ = {isa = PBXBuildFile; fileRef = 1846910E25C1613F009E879B /* NSImage+FNPWebCache.m */; };
		1846912825C1613F009E879B /* FNPSDWebImageCoder.m in Sources */ = {isa = PBXBuildFile; fileRef = 1846910F25C1613F009E879B /* FNPSDWebImageCoder.m */; };
		1846912925C1613F009E879B /* FNPSDWebImageDownloaderOperation.m in Sources */ = {isa = PBXBuildFile; fileRef = 1846911125C1613F009E879B /* FNPSDWebImageDownloaderOperation.m */; };
		1846912A25C1613F009E879B /* UIButton+FNPWebCache.m in Sources */ = {isa = PBXBuildFile; fileRef = 1846911625C1613F009E879B /* UIButton+FNPWebCache.m */; };
		1848160D273A1AAE009CAFB3 /* btn_location_4.0.9@3x.png in Resources */ = {isa = PBXBuildFile; fileRef = 18481607273A1AAD009CAFB3 /* btn_location_4.0.9@3x.png */; };
		1848160E273A1AAE009CAFB3 /* btn_pengyouquan@2x.png in Resources */ = {isa = PBXBuildFile; fileRef = 18481608273A1AAE009CAFB3 /* btn_pengyouquan@2x.png */; };
		1848160F273A1AAE009CAFB3 /* btn_location_4.0.9@2x.png in Resources */ = {isa = PBXBuildFile; fileRef = 18481609273A1AAE009CAFB3 /* btn_location_4.0.9@2x.png */; };
		18481610273A1AAE009CAFB3 /* icon_qq_pre1@2x.png in Resources */ = {isa = PBXBuildFile; fileRef = 1848160A273A1AAE009CAFB3 /* icon_qq_pre1@2x.png */; };
		18481611273A1AAE009CAFB3 /* btn_pengyouquan@3x.png in Resources */ = {isa = PBXBuildFile; fileRef = 1848160B273A1AAE009CAFB3 /* btn_pengyouquan@3x.png */; };
		18481612273A1AAE009CAFB3 /* icon_qq_pre1@3x.png in Resources */ = {isa = PBXBuildFile; fileRef = 1848160C273A1AAE009CAFB3 /* icon_qq_pre1@3x.png */; };
		18481615273B688B009CAFB3 /* MYCustumText.m in Sources */ = {isa = PBXBuildFile; fileRef = 18481614273B688B009CAFB3 /* MYCustumText.m */; };
		18505AC92578DCAA00C88CB1 /* icon_xiaoma@3x.png in Resources */ = {isa = PBXBuildFile; fileRef = 18505AC72578DCAA00C88CB1 /* icon_xiaoma@3x.png */; };
		18505ACA2578DCAA00C88CB1 /* icon_xiaoma@2x.png in Resources */ = {isa = PBXBuildFile; fileRef = 18505AC82578DCAA00C88CB1 /* icon_xiaoma@2x.png */; };
		185CF61024E29B4600565CA4 /* testOCvc.m in Sources */ = {isa = PBXBuildFile; fileRef = 185CF60F24E29B4600565CA4 /* testOCvc.m */; };
		186A31F424DA997A0066CBE5 /* AppDelegate.swift in Sources */ = {isa = PBXBuildFile; fileRef = 186A31F324DA997A0066CBE5 /* AppDelegate.swift */; };
		186A31F624DA997A0066CBE5 /* SceneDelegate.swift in Sources */ = {isa = PBXBuildFile; fileRef = 186A31F524DA997A0066CBE5 /* SceneDelegate.swift */; };
		186A31F824DA997A0066CBE5 /* ViewController.swift in Sources */ = {isa = PBXBuildFile; fileRef = 186A31F724DA997A0066CBE5 /* ViewController.swift */; };
		186A31FB24DA997A0066CBE5 /* Main.storyboard in Resources */ = {isa = PBXBuildFile; fileRef = 186A31F924DA997A0066CBE5 /* Main.storyboard */; };
		186A31FD24DA99800066CBE5 /* Assets.xcassets in Resources */ = {isa = PBXBuildFile; fileRef = 186A31FC24DA99800066CBE5 /* Assets.xcassets */; };
		186A320024DA99800066CBE5 /* LaunchScreen.storyboard in Resources */ = {isa = PBXBuildFile; fileRef = 186A31FE24DA99800066CBE5 /* LaunchScreen.storyboard */; };
		186A320B24DA99810066CBE5 /* SwiftStudyBookTests.swift in Sources */ = {isa = PBXBuildFile; fileRef = 186A320A24DA99810066CBE5 /* SwiftStudyBookTests.swift */; };
		186A321624DA99810066CBE5 /* SwiftStudyBookUITests.swift in Sources */ = {isa = PBXBuildFile; fileRef = 186A321524DA99810066CBE5 /* SwiftStudyBookUITests.swift */; };
		186A324524DA9A0F0066CBE5 /* GCDViewController.swift in Sources */ = {isa = PBXBuildFile; fileRef = 186A322624DA9A0F0066CBE5 /* GCDViewController.swift */; };
		186A324624DA9A0F0066CBE5 /* PersonOne.swift in Sources */ = {isa = PBXBuildFile; fileRef = 186A322824DA9A0F0066CBE5 /* PersonOne.swift */; };
		186A324724DA9A0F0066CBE5 /* HomeVC.swift in Sources */ = {isa = PBXBuildFile; fileRef = 186A322924DA9A0F0066CBE5 /* HomeVC.swift */; };
		186A324824DA9A0F0066CBE5 /* testXIB.swift in Sources */ = {isa = PBXBuildFile; fileRef = 186A322A24DA9A0F0066CBE5 /* testXIB.swift */; };
		186A324924DA9A0F0066CBE5 /* testXIB.xib in Resources */ = {isa = PBXBuildFile; fileRef = 186A322B24DA9A0F0066CBE5 /* testXIB.xib */; };
		186A324A24DA9A0F0066CBE5 /* BaseNavController.swift in Sources */ = {isa = PBXBuildFile; fileRef = 186A322D24DA9A0F0066CBE5 /* BaseNavController.swift */; };
		186A324B24DA9A0F0066CBE5 /* CityButton.swift in Sources */ = {isa = PBXBuildFile; fileRef = 186A322E24DA9A0F0066CBE5 /* CityButton.swift */; };
		186A324C24DA9A0F0066CBE5 /* BaseViewController.swift in Sources */ = {isa = PBXBuildFile; fileRef = 186A322F24DA9A0F0066CBE5 /* BaseViewController.swift */; };
		186A324D24DA9A0F0066CBE5 /* TableTitleVC.swift in Sources */ = {isa = PBXBuildFile; fileRef = 186A323024DA9A0F0066CBE5 /* TableTitleVC.swift */; };
		186A324E24DA9A0F0066CBE5 /* BaseTabBarViewController.swift in Sources */ = {isa = PBXBuildFile; fileRef = 186A323124DA9A0F0066CBE5 /* BaseTabBarViewController.swift */; };
		186A324F24DA9A0F0066CBE5 /* FourthVC.swift in Sources */ = {isa = PBXBuildFile; fileRef = 186A323324DA9A0F0066CBE5 /* FourthVC.swift */; };
		186A325024DA9A0F0066CBE5 /* ThirdVC.swift in Sources */ = {isa = PBXBuildFile; fileRef = 186A323524DA9A0F0066CBE5 /* ThirdVC.swift */; };
		186A325124DA9A0F0066CBE5 /* FifthVC.swift in Sources */ = {isa = PBXBuildFile; fileRef = 186A323724DA9A0F0066CBE5 /* FifthVC.swift */; };
		186A325224DA9A0F0066CBE5 /* SecondDetailVC.swift in Sources */ = {isa = PBXBuildFile; fileRef = 186A323A24DA9A0F0066CBE5 /* SecondDetailVC.swift */; };
		186A325324DA9A0F0066CBE5 /* SecondVC.swift in Sources */ = {isa = PBXBuildFile; fileRef = 186A323B24DA9A0F0066CBE5 /* SecondVC.swift */; };
		186A325424DA9A0F0066CBE5 /* TripCarCollectionViewCell.swift in Sources */ = {isa = PBXBuildFile; fileRef = 186A323E24DA9A0F0066CBE5 /* TripCarCollectionViewCell.swift */; };
		186A325524DA9A0F0066CBE5 /* PuBuLiuLay.swift in Sources */ = {isa = PBXBuildFile; fileRef = 186A323F24DA9A0F0066CBE5 /* PuBuLiuLay.swift */; };
		186A325624DA9A0F0066CBE5 /* VariableDefineFile.swift in Sources */ = {isa = PBXBuildFile; fileRef = 186A324124DA9A0F0066CBE5 /* VariableDefineFile.swift */; };
		186A325724DA9A0F0066CBE5 /* BtnExtension.swift in Sources */ = {isa = PBXBuildFile; fileRef = 186A324224DA9A0F0066CBE5 /* BtnExtension.swift */; };
		186A325824DA9A0F0066CBE5 /* BaseExtension.swift in Sources */ = {isa = PBXBuildFile; fileRef = 186A324324DA9A0F0066CBE5 /* BaseExtension.swift */; };
		186CE626251064E900B84E9B /* CorShaVViewController.m in Sources */ = {isa = PBXBuildFile; fileRef = 186CE625251064E900B84E9B /* CorShaVViewController.m */; };
		186CE64B251065DB00B84E9B /* NSTimer+timerBlock.m in Sources */ = {isa = PBXBuildFile; fileRef = 186CE62C251065DB00B84E9B /* NSTimer+timerBlock.m */; };
		186CE64C251065DB00B84E9B /* NSMutableArray+Safe.m in Sources */ = {isa = PBXBuildFile; fileRef = 186CE62D251065DB00B84E9B /* NSMutableArray+Safe.m */; };
		186CE64D251065DB00B84E9B /* NSDictionary+NilSafe.m in Sources */ = {isa = PBXBuildFile; fileRef = 186CE62F251065DB00B84E9B /* NSDictionary+NilSafe.m */; };
		186CE64E251065DB00B84E9B /* GlobalVariablesClass.m in Sources */ = {isa = PBXBuildFile; fileRef = 186CE630251065DB00B84E9B /* GlobalVariablesClass.m */; };
		186CE64F251065DB00B84E9B /* UIImage+LightColor.m in Sources */ = {isa = PBXBuildFile; fileRef = 186CE633251065DB00B84E9B /* UIImage+LightColor.m */; };
		186CE650251065DB00B84E9B /* UILabel+LeftTopAlign.m in Sources */ = {isa = PBXBuildFile; fileRef = 186CE634251065DB00B84E9B /* UILabel+LeftTopAlign.m */; };
		186CE651251065DB00B84E9B /* UIColor+extend.m in Sources */ = {isa = PBXBuildFile; fileRef = 186CE637251065DB00B84E9B /* UIColor+extend.m */; };
		186CE652251065DB00B84E9B /* NSData+SwitchData.m in Sources */ = {isa = PBXBuildFile; fileRef = 186CE63A251065DB00B84E9B /* NSData+SwitchData.m */; };
		186CE653251065DB00B84E9B /* NSString+AttributedString.m in Sources */ = {isa = PBXBuildFile; fileRef = 186CE63B251065DB00B84E9B /* NSString+AttributedString.m */; };
		186CE655251065DB00B84E9B /* NSDictionary+DIcLog.m in Sources */ = {isa = PBXBuildFile; fileRef = 186CE63D251065DB00B84E9B /* NSDictionary+DIcLog.m */; };
		186CE656251065DB00B84E9B /* NSObject+UndefineKey.m in Sources */ = {isa = PBXBuildFile; fileRef = 186CE63E251065DB00B84E9B /* NSObject+UndefineKey.m */; };
		186CE657251065DB00B84E9B /* NSString+SwitchData.m in Sources */ = {isa = PBXBuildFile; fileRef = 186CE641251065DB00B84E9B /* NSString+SwitchData.m */; };
		186CE658251065DB00B84E9B /* NSString+MD5.m in Sources */ = {isa = PBXBuildFile; fileRef = 186CE644251065DB00B84E9B /* NSString+MD5.m */; };
		186CE659251065DB00B84E9B /* UIView+Extension.m in Sources */ = {isa = PBXBuildFile; fileRef = 186CE646251065DB00B84E9B /* UIView+Extension.m */; };
		186CE65A251065DB00B84E9B /* NSArray+Safe.m in Sources */ = {isa = PBXBuildFile; fileRef = 186CE649251065DB00B84E9B /* NSArray+Safe.m */; };
		186CE65B251065DB00B84E9B /* UILabel+BaseLabel.m in Sources */ = {isa = PBXBuildFile; fileRef = 186CE64A251065DB00B84E9B /* UILabel+BaseLabel.m */; };
		1886CF9A2577691C00EC06EB /* LayerViewController.m in Sources */ = {isa = PBXBuildFile; fileRef = 1886CF992577691C00EC06EB /* LayerViewController.m */; };
		1886CF9D2577770600EC06EB /* TestViewContext.m in Sources */ = {isa = PBXBuildFile; fileRef = 1886CF9C2577770600EC06EB /* TestViewContext.m */; };
		188773B925319C46004AE0FE /* View.swift in Sources */ = {isa = PBXBuildFile; fileRef = 188773B825319C46004AE0FE /* View.swift */; };
		1899DE7A26F2E2DB00C54B03 /* BlockViewController.m in Sources */ = {isa = PBXBuildFile; fileRef = 1899DE7926F2E2DB00C54B03 /* BlockViewController.m */; };
		1899FB92257DF8DA00931DD5 /* Transfoem3DVC.m in Sources */ = {isa = PBXBuildFile; fileRef = 1899FB91257DF8DA00931DD5 /* Transfoem3DVC.m */; };
		189D071B27C365260073D004 /* LayIfneedViewController.m in Sources */ = {isa = PBXBuildFile; fileRef = 189D071A27C365260073D004 /* LayIfneedViewController.m */; };
		189D071E27C365660073D004 /* LayNeedView.m in Sources */ = {isa = PBXBuildFile; fileRef = 189D071D27C365660073D004 /* LayNeedView.m */; };
		18AC7D8527683B0800366326 /* CoreAnimationVC.m in Sources */ = {isa = PBXBuildFile; fileRef = 18AC7D8427683B0800366326 /* CoreAnimationVC.m */; };
		18B6E40E24EE577E001B7BE3 /* CopyVC.m in Sources */ = {isa = PBXBuildFile; fileRef = 18B6E40D24EE577E001B7BE3 /* CopyVC.m */; };
		18B8EA79272A459C00825B0E /* RunloopViewController.m in Sources */ = {isa = PBXBuildFile; fileRef = 18B8EA78272A459B00825B0E /* RunloopViewController.m */; };
		18C6B85E26E0C50900805922 /* RuntimeViewController.m in Sources */ = {isa = PBXBuildFile; fileRef = 18C6B85D26E0C50800805922 /* RuntimeViewController.m */; };
		18C6B86126E0C73A00805922 /* Person.m in Sources */ = {isa = PBXBuildFile; fileRef = 18C6B86026E0C73A00805922 /* Person.m */; };
		18E9465424ED0DC400A9A0B8 /* weakStudyVC.m in Sources */ = {isa = PBXBuildFile; fileRef = 18E9465324ED0DC300A9A0B8 /* weakStudyVC.m */; };
		18E9465724ED118200A9A0B8 /* BaseOCVC.m in Sources */ = {isa = PBXBuildFile; fileRef = 18E9465624ED118200A9A0B8 /* BaseOCVC.m */; };
		18E9465A24ED11E400A9A0B8 /* BaseTableVC.m in Sources */ = {isa = PBXBuildFile; fileRef = 18E9465924ED11E400A9A0B8 /* BaseTableVC.m */; };
		5A3711F120CBD271A3000576 /* libPods-SwiftStudyBook.a in Frameworks */ = {isa = PBXBuildFile; fileRef = 861008AF9C5CF96FB6E0A67B /* libPods-SwiftStudyBook.a */; };
/* End PBXBuildFile section */

/* Begin PBXContainerItemProxy section */
		186A320724DA99810066CBE5 /* PBXContainerItemProxy */ = {
			isa = PBXContainerItemProxy;
			containerPortal = 186A31E824DA997A0066CBE5 /* Project object */;
			proxyType = 1;
			remoteGlobalIDString = 186A31EF24DA997A0066CBE5;
			remoteInfo = SwiftStudyBook;
		};
		186A321224DA99810066CBE5 /* PBXContainerItemProxy */ = {
			isa = PBXContainerItemProxy;
			containerPortal = 186A31E824DA997A0066CBE5 /* Project object */;
			proxyType = 1;
			remoteGlobalIDString = 186A31EF24DA997A0066CBE5;
			remoteInfo = SwiftStudyBook;
		};
/* End PBXContainerItemProxy section */

/* Begin PBXFileReference section */
		041DC7A029A75A680013D4E2 /* ScrollerLabel.h */ = {isa = PBXFileReference; lastKnownFileType = sourcecode.c.h; path = ScrollerLabel.h; sourceTree = "<group>"; };
		041DC7A129A75A680013D4E2 /* ScrollerLabel.m */ = {isa = PBXFileReference; lastKnownFileType = sourcecode.c.objc; path = ScrollerLabel.m; sourceTree = "<group>"; };
		041DC7A329A75AC40013D4E2 /* UIStyleViewController.h */ = {isa = PBXFileReference; lastKnownFileType = sourcecode.c.h; path = UIStyleViewController.h; sourceTree = "<group>"; };
		041DC7A429A75AC40013D4E2 /* UIStyleViewController.m */ = {isa = PBXFileReference; lastKnownFileType = sourcecode.c.objc; path = UIStyleViewController.m; sourceTree = "<group>"; };
		041DC7A629A75C010013D4E2 /* BlockHeader.h */ = {isa = PBXFileReference; lastKnownFileType = sourcecode.c.h; path = BlockHeader.h; sourceTree = "<group>"; };
		043F86D028ABBF21003268EC /* NSArray+TCSSafe.h */ = {isa = PBXFileReference; lastKnownFileType = sourcecode.c.h; path = "NSArray+TCSSafe.h"; sourceTree = "<group>"; };
		043F86D128ABBF22003268EC /* NSArray+TCSSafe.m */ = {isa = PBXFileReference; lastKnownFileType = sourcecode.c.objc; path = "NSArray+TCSSafe.m"; sourceTree = "<group>"; };
		043F86D428ABC641003268EC /* UIButton+Ex.m */ = {isa = PBXFileReference; fileEncoding = 4; lastKnownFileType = sourcecode.c.objc; path = "UIButton+Ex.m"; sourceTree = "<group>"; };
		043F86D528ABC641003268EC /* UIButton+Ex.h */ = {isa = PBXFileReference; fileEncoding = 4; lastKnownFileType = sourcecode.c.h; path = "UIButton+Ex.h"; sourceTree = "<group>"; };
		04496891291CD5A200DF0E5E /* ClassStructEnum.swift */ = {isa = PBXFileReference; lastKnownFileType = sourcecode.swift; path = ClassStructEnum.swift; sourceTree = "<group>"; };
		046056A8296D3F9D00A3D8E0 /* ImageWithBtn.m */ = {isa = PBXFileReference; fileEncoding = 4; lastKnownFileType = sourcecode.c.objc; path = ImageWithBtn.m; sourceTree = "<group>"; };
		046056A9296D3F9D00A3D8E0 /* ImageWithBtn.h */ = {isa = PBXFileReference; fileEncoding = 4; lastKnownFileType = sourcecode.c.h; path = ImageWithBtn.h; sourceTree = "<group>"; };
		0461C3DB28D2C7B40071D5DC /* ToolClass.h */ = {isa = PBXFileReference; lastKnownFileType = sourcecode.c.h; path = ToolClass.h; sourceTree = "<group>"; };
		0461C3DC28D2C7B40071D5DC /* ToolClass.m */ = {isa = PBXFileReference; lastKnownFileType = sourcecode.c.objc; path = ToolClass.m; sourceTree = "<group>"; };
		048DA3B82938841000C15FD7 /* UIView+ShadowRadiusSide.m */ = {isa = PBXFileReference; fileEncoding = 4; lastKnownFileType = sourcecode.c.objc; path = "UIView+ShadowRadiusSide.m"; sourceTree = "<group>"; };
		048DA3B92938841000C15FD7 /* UIView+ShadowRadiusSide.h */ = {isa = PBXFileReference; fileEncoding = 4; lastKnownFileType = sourcecode.c.h; path = "UIView+ShadowRadiusSide.h"; sourceTree = "<group>"; };
		04B42FB52902400700291318 /* LoginInfo.h */ = {isa = PBXFileReference; lastKnownFileType = sourcecode.c.h; path = LoginInfo.h; sourceTree = "<group>"; };
		04B42FB62902400700291318 /* LoginInfo.m */ = {isa = PBXFileReference; lastKnownFileType = sourcecode.c.objc; path = LoginInfo.m; sourceTree = "<group>"; };
		04B42FB829024B2400291318 /* HSFeedsViewController.h */ = {isa = PBXFileReference; lastKnownFileType = sourcecode.c.h; path = HSFeedsViewController.h; sourceTree = "<group>"; };
		04B42FB929024B2400291318 /* HSFeedsViewController.m */ = {isa = PBXFileReference; lastKnownFileType = sourcecode.c.objc; path = HSFeedsViewController.m; sourceTree = "<group>"; };
		04E2A3E829A764F600F7C46C /* AVSpeechSynthesizerManger.h */ = {isa = PBXFileReference; fileEncoding = 4; lastKnownFileType = sourcecode.c.h; path = AVSpeechSynthesizerManger.h; sourceTree = "<group>"; };
		04E2A3E929A764F600F7C46C /* AVSpeechSynthesizerManger.m */ = {isa = PBXFileReference; fileEncoding = 4; lastKnownFileType = sourcecode.c.objc; path = AVSpeechSynthesizerManger.m; sourceTree = "<group>"; };
		04EC655028BF588600742E08 /* UIButton+DelaySwizzling.h */ = {isa = PBXFileReference; lastKnownFileType = sourcecode.c.h; path = "UIButton+DelaySwizzling.h"; sourceTree = "<group>"; };
		04EC655128BF588600742E08 /* UIButton+DelaySwizzling.m */ = {isa = PBXFileReference; lastKnownFileType = sourcecode.c.objc; path = "UIButton+DelaySwizzling.m"; sourceTree = "<group>"; };
		04EC655328BF60ED00742E08 /* UITableView+ReloadDataSwizzling.h */ = {isa = PBXFileReference; lastKnownFileType = sourcecode.c.h; path = "UITableView+ReloadDataSwizzling.h"; sourceTree = "<group>"; };
		04EC655428BF60ED00742E08 /* UITableView+ReloadDataSwizzling.m */ = {isa = PBXFileReference; lastKnownFileType = sourcecode.c.objc; path = "UITableView+ReloadDataSwizzling.m"; sourceTree = "<group>"; };
		04EC655728BF61AF00742E08 /* TCSTabPlaceholderView.swift */ = {isa = PBXFileReference; lastKnownFileType = sourcecode.swift; path = TCSTabPlaceholderView.swift; sourceTree = "<group>"; };
		1846903525BFFB10009E879B /* FNPAFSecurityPolicy.h */ = {isa = PBXFileReference; fileEncoding = 4; lastKnownFileType = sourcecode.c.h; path = FNPAFSecurityPolicy.h; sourceTree = "<group>"; };
		1846903625BFFB10009E879B /* FNPAFSecurityPolicy.m */ = {isa = PBXFileReference; fileEncoding = 4; lastKnownFileType = sourcecode.c.objc; path = FNPAFSecurityPolicy.m; sourceTree = "<group>"; };
		1846903925BFFB10009E879B /* FNPAFURLRequestSerialization.m */ = {isa = PBXFileReference; fileEncoding = 4; lastKnownFileType = sourcecode.c.objc; path = FNPAFURLRequestSerialization.m; sourceTree = "<group>"; };
		1846903A25BFFB10009E879B /* FNPAFURLResponseSerialization.h */ = {isa = PBXFileReference; fileEncoding = 4; lastKnownFileType = sourcecode.c.h; path = FNPAFURLResponseSerialization.h; sourceTree = "<group>"; };
		1846903B25BFFB10009E879B /* FNPAFURLRequestSerialization.h */ = {isa = PBXFileReference; fileEncoding = 4; lastKnownFileType = sourcecode.c.h; path = FNPAFURLRequestSerialization.h; sourceTree = "<group>"; };
		1846903C25BFFB10009E879B /* FNPAFURLResponseSerialization.m */ = {isa = PBXFileReference; fileEncoding = 4; lastKnownFileType = sourcecode.c.objc; path = FNPAFURLResponseSerialization.m; sourceTree = "<group>"; };
		1846903D25BFFB10009E879B /* FNPAFNetworking.h */ = {isa = PBXFileReference; fileEncoding = 4; lastKnownFileType = sourcecode.c.h; path = FNPAFNetworking.h; sourceTree = "<group>"; };
		1846903F25BFFB10009E879B /* FNPAFNetworkReachabilityManager.h */ = {isa = PBXFileReference; fileEncoding = 4; lastKnownFileType = sourcecode.c.h; path = FNPAFNetworkReachabilityManager.h; sourceTree = "<group>"; };
		1846904025BFFB10009E879B /* FNPAFNetworkReachabilityManager.m */ = {isa = PBXFileReference; fileEncoding = 4; lastKnownFileType = sourcecode.c.objc; path = FNPAFNetworkReachabilityManager.m; sourceTree = "<group>"; };
		1846904225BFFB10009E879B /* FNPAFHTTPSessionManager.m */ = {isa = PBXFileReference; fileEncoding = 4; lastKnownFileType = sourcecode.c.objc; path = FNPAFHTTPSessionManager.m; sourceTree = "<group>"; };
		1846904325BFFB10009E879B /* FNPAFURLSessionManager.m */ = {isa = PBXFileReference; fileEncoding = 4; lastKnownFileType = sourcecode.c.objc; path = FNPAFURLSessionManager.m; sourceTree = "<group>"; };
		1846904425BFFB10009E879B /* FNPAFHTTPSessionManager.h */ = {isa = PBXFileReference; fileEncoding = 4; lastKnownFileType = sourcecode.c.h; path = FNPAFHTTPSessionManager.h; sourceTree = "<group>"; };
		1846904525BFFB10009E879B /* FNPAFURLSessionManager.h */ = {isa = PBXFileReference; fileEncoding = 4; lastKnownFileType = sourcecode.c.h; path = FNPAFURLSessionManager.h; sourceTree = "<group>"; };
		184690F125C1613F009E879B /* FNPSDWebImageDownloader.m */ = {isa = PBXFileReference; fileEncoding = 4; lastKnownFileType = sourcecode.c.objc; path = FNPSDWebImageDownloader.m; sourceTree = "<group>"; };
		184690F225C1613F009E879B /* FNPSDImageCache.h */ = {isa = PBXFileReference; fileEncoding = 4; lastKnownFileType = sourcecode.c.h; path = FNPSDImageCache.h; sourceTree = "<group>"; };
		184690F325C1613F009E879B /* FNPSDWebImageCoderHelper.m */ = {isa = PBXFileReference; fileEncoding = 4; lastKnownFileType = sourcecode.c.objc; path = FNPSDWebImageCoderHelper.m; sourceTree = "<group>"; };
		184690F425C1613F009E879B /* NSData+FNPImageContentType.h */ = {isa = PBXFileReference; fileEncoding = 4; lastKnownFileType = sourcecode.c.h; path = "NSData+FNPImageContentType.h"; sourceTree = "<group>"; };
		184690F525C1613F009E879B /* FNPSDImageCacheConfig.m */ = {isa = PBXFileReference; fileEncoding = 4; lastKnownFileType = sourcecode.c.objc; path = FNPSDImageCacheConfig.m; sourceTree = "<group>"; };
		184690F625C1613F009E879B /* FNPSDWebImageCodersManager.m */ = {isa = PBXFileReference; fileEncoding = 4; lastKnownFileType = sourcecode.c.objc; path = FNPSDWebImageCodersManager.m; sourceTree = "<group>"; };
		184690F725C1613F009E879B /* FNPSDWebImageGIFCoder.m */ = {isa = PBXFileReference; fileEncoding = 4; lastKnownFileType = sourcecode.c.objc; path = FNPSDWebImageGIFCoder.m; sourceTree = "<group>"; };
		184690F825C1613F009E879B /* FNPSDWebImageManager.m */ = {isa = PBXFileReference; fileEncoding = 4; lastKnownFileType = sourcecode.c.objc; path = FNPSDWebImageManager.m; sourceTree = "<group>"; };
		184690F925C1613F009E879B /* FNPSDWebImageImageIOCoder.h */ = {isa = PBXFileReference; fileEncoding = 4; lastKnownFileType = sourcecode.c.h; path = FNPSDWebImageImageIOCoder.h; sourceTree = "<group>"; };
		184690FA25C1613F009E879B /* FNPSDWebImageDownloaderOperation.h */ = {isa = PBXFileReference; fileEncoding = 4; lastKnownFileType = sourcecode.c.h; path = FNPSDWebImageDownloaderOperation.h; sourceTree = "<group>"; };
		184690FB25C1613F009E879B /* UIImage+FNPMultiFormat.m */ = {isa = PBXFileReference; fileEncoding = 4; lastKnownFileType = sourcecode.c.objc; path = "UIImage+FNPMultiFormat.m"; sourceTree = "<group>"; };
		184690FC25C1613F009E879B /* FNPSDWebImageCoder.h */ = {isa = PBXFileReference; fileEncoding = 4; lastKnownFileType = sourcecode.c.h; path = FNPSDWebImageCoder.h; sourceTree = "<group>"; };
		184690FD25C1613F009E879B /* NSImage+FNPWebCache.h */ = {isa = PBXFileReference; fileEncoding = 4; lastKnownFileType = sourcecode.c.h; path = "NSImage+FNPWebCache.h"; sourceTree = "<group>"; };
		184690FE25C1613F009E879B /* UIImageView+FNPWebCache.m */ = {isa = PBXFileReference; fileEncoding = 4; lastKnownFileType = sourcecode.c.objc; path = "UIImageView+FNPWebCache.m"; sourceTree = "<group>"; };
		184690FF25C1613F009E879B /* FNPSDWebImageOperation.h */ = {isa = PBXFileReference; fileEncoding = 4; lastKnownFileType = sourcecode.c.h; path = FNPSDWebImageOperation.h; sourceTree = "<group>"; };
		1846910025C1613F009E879B /* UIButton+FNPWebCache.h */ = {isa = PBXFileReference; fileEncoding = 4; lastKnownFileType = sourcecode.c.h; path = "UIButton+FNPWebCache.h"; sourceTree = "<group>"; };
		1846910125C1613F009E879B /* FNPSDWebImageFrame.m */ = {isa = PBXFileReference; fileEncoding = 4; lastKnownFileType = sourcecode.c.objc; path = FNPSDWebImageFrame.m; sourceTree = "<group>"; };
		1846910225C1613F009E879B /* FNPSDWebImageCompat.m */ = {isa = PBXFileReference; fileEncoding = 4; lastKnownFileType = sourcecode.c.objc; path = FNPSDWebImageCompat.m; sourceTree = "<group>"; };
		1846910325C1613F009E879B /* UIView+FNPWebCache.m */ = {isa = PBXFileReference; fileEncoding = 4; lastKnownFileType = sourcecode.c.objc; path = "UIView+FNPWebCache.m"; sourceTree = "<group>"; };
		1846910425C1613F009E879B /* UIView+FNPWebCacheOperation.m */ = {isa = PBXFileReference; fileEncoding = 4; lastKnownFileType = sourcecode.c.objc; path = "UIView+FNPWebCacheOperation.m"; sourceTree = "<group>"; };
		1846910525C1613F009E879B /* FNPSDImageCache.m */ = {isa = PBXFileReference; fileEncoding = 4; lastKnownFileType = sourcecode.c.objc; path = FNPSDImageCache.m; sourceTree = "<group>"; };
		1846910625C1613F009E879B /* FNPSDWebImageDownloader.h */ = {isa = PBXFileReference; fileEncoding = 4; lastKnownFileType = sourcecode.c.h; path = FNPSDWebImageDownloader.h; sourceTree = "<group>"; };
		1846910725C1613F009E879B /* FNPSDWebImageImageIOCoder.m */ = {isa = PBXFileReference; fileEncoding = 4; lastKnownFileType = sourcecode.c.objc; path = FNPSDWebImageImageIOCoder.m; sourceTree = "<group>"; };
		1846910825C1613F009E879B /* FNPSDWebImageGIFCoder.h */ = {isa = PBXFileReference; fileEncoding = 4; lastKnownFileType = sourcecode.c.h; path = FNPSDWebImageGIFCoder.h; sourceTree = "<group>"; };
		1846910925C1613F009E879B /* FNPSDWebImageManager.h */ = {isa = PBXFileReference; fileEncoding = 4; lastKnownFileType = sourcecode.c.h; path = FNPSDWebImageManager.h; sourceTree = "<group>"; };
		1846910A25C1613F009E879B /* FNPSDWebImageCodersManager.h */ = {isa = PBXFileReference; fileEncoding = 4; lastKnownFileType = sourcecode.c.h; path = FNPSDWebImageCodersManager.h; sourceTree = "<group>"; };
		1846910B25C1613F009E879B /* FNPSDImageCacheConfig.h */ = {isa = PBXFileReference; fileEncoding = 4; lastKnownFileType = sourcecode.c.h; path = FNPSDImageCacheConfig.h; sourceTree = "<group>"; };
		1846910C25C1613F009E879B /* NSData+FNPImageContentType.m */ = {isa = PBXFileReference; fileEncoding = 4; lastKnownFileType = sourcecode.c.objc; path = "NSData+FNPImageContentType.m"; sourceTree = "<group>"; };
		1846910D25C1613F009E879B /* FNPSDWebImageCoderHelper.h */ = {isa = PBXFileReference; fileEncoding = 4; lastKnownFileType = sourcecode.c.h; path = FNPSDWebImageCoderHelper.h; sourceTree = "<group>"; };
		1846910E25C1613F009E879B /* NSImage+FNPWebCache.m */ = {isa = PBXFileReference; fileEncoding = 4; lastKnownFileType = sourcecode.c.objc; path = "NSImage+FNPWebCache.m"; sourceTree = "<group>"; };
		1846910F25C1613F009E879B /* FNPSDWebImageCoder.m */ = {isa = PBXFileReference; fileEncoding = 4; lastKnownFileType = sourcecode.c.objc; path = FNPSDWebImageCoder.m; sourceTree = "<group>"; };
		1846911025C1613F009E879B /* UIImage+FNPMultiFormat.h */ = {isa = PBXFileReference; fileEncoding = 4; lastKnownFileType = sourcecode.c.h; path = "UIImage+FNPMultiFormat.h"; sourceTree = "<group>"; };
		1846911125C1613F009E879B /* FNPSDWebImageDownloaderOperation.m */ = {isa = PBXFileReference; fileEncoding = 4; lastKnownFileType = sourcecode.c.objc; path = FNPSDWebImageDownloaderOperation.m; sourceTree = "<group>"; };
		1846911225C1613F009E879B /* UIView+FNPWebCacheOperation.h */ = {isa = PBXFileReference; fileEncoding = 4; lastKnownFileType = sourcecode.c.h; path = "UIView+FNPWebCacheOperation.h"; sourceTree = "<group>"; };
		1846911325C1613F009E879B /* UIView+FNPWebCache.h */ = {isa = PBXFileReference; fileEncoding = 4; lastKnownFileType = sourcecode.c.h; path = "UIView+FNPWebCache.h"; sourceTree = "<group>"; };
		1846911425C1613F009E879B /* FNPSDWebImageCompat.h */ = {isa = PBXFileReference; fileEncoding = 4; lastKnownFileType = sourcecode.c.h; path = FNPSDWebImageCompat.h; sourceTree = "<group>"; };
		1846911525C1613F009E879B /* FNPSDWebImageFrame.h */ = {isa = PBXFileReference; fileEncoding = 4; lastKnownFileType = sourcecode.c.h; path = FNPSDWebImageFrame.h; sourceTree = "<group>"; };
		1846911625C1613F009E879B /* UIButton+FNPWebCache.m */ = {isa = PBXFileReference; fileEncoding = 4; lastKnownFileType = sourcecode.c.objc; path = "UIButton+FNPWebCache.m"; sourceTree = "<group>"; };
		1846911725C1613F009E879B /* UIImageView+FNPWebCache.h */ = {isa = PBXFileReference; fileEncoding = 4; lastKnownFileType = sourcecode.c.h; path = "UIImageView+FNPWebCache.h"; sourceTree = "<group>"; };
		18481607273A1AAD009CAFB3 /* btn_location_4.0.9@3x.png */ = {isa = PBXFileReference; lastKnownFileType = image.png; path = "btn_location_4.0.9@3x.png"; sourceTree = "<group>"; };
		18481608273A1AAE009CAFB3 /* btn_pengyouquan@2x.png */ = {isa = PBXFileReference; lastKnownFileType = image.png; path = "btn_pengyouquan@2x.png"; sourceTree = "<group>"; };
		18481609273A1AAE009CAFB3 /* btn_location_4.0.9@2x.png */ = {isa = PBXFileReference; lastKnownFileType = image.png; path = "btn_location_4.0.9@2x.png"; sourceTree = "<group>"; };
		1848160A273A1AAE009CAFB3 /* icon_qq_pre1@2x.png */ = {isa = PBXFileReference; lastKnownFileType = image.png; path = "icon_qq_pre1@2x.png"; sourceTree = "<group>"; };
		1848160B273A1AAE009CAFB3 /* btn_pengyouquan@3x.png */ = {isa = PBXFileReference; lastKnownFileType = image.png; path = "btn_pengyouquan@3x.png"; sourceTree = "<group>"; };
		1848160C273A1AAE009CAFB3 /* icon_qq_pre1@3x.png */ = {isa = PBXFileReference; lastKnownFileType = image.png; path = "icon_qq_pre1@3x.png"; sourceTree = "<group>"; };
		18481613273B688B009CAFB3 /* MYCustumText.h */ = {isa = PBXFileReference; lastKnownFileType = sourcecode.c.h; path = MYCustumText.h; sourceTree = "<group>"; };
		18481614273B688B009CAFB3 /* MYCustumText.m */ = {isa = PBXFileReference; lastKnownFileType = sourcecode.c.objc; path = MYCustumText.m; sourceTree = "<group>"; };
		18505AC72578DCAA00C88CB1 /* icon_xiaoma@3x.png */ = {isa = PBXFileReference; lastKnownFileType = image.png; path = "icon_xiaoma@3x.png"; sourceTree = "<group>"; };
		18505AC82578DCAA00C88CB1 /* icon_xiaoma@2x.png */ = {isa = PBXFileReference; lastKnownFileType = image.png; path = "icon_xiaoma@2x.png"; sourceTree = "<group>"; };
		185CF60E24E29B4600565CA4 /* testOCvc.h */ = {isa = PBXFileReference; lastKnownFileType = sourcecode.c.h; path = testOCvc.h; sourceTree = "<group>"; };
		185CF60F24E29B4600565CA4 /* testOCvc.m */ = {isa = PBXFileReference; lastKnownFileType = sourcecode.c.objc; path = testOCvc.m; sourceTree = "<group>"; };
		185CF61224E29D2C00565CA4 /* TCSPrefixHeader.pch */ = {isa = PBXFileReference; lastKnownFileType = sourcecode.c.h; path = TCSPrefixHeader.pch; sourceTree = "<group>"; };
		185CF61324E29D7C00565CA4 /* TCSHeader.h */ = {isa = PBXFileReference; lastKnownFileType = sourcecode.c.h; path = TCSHeader.h; sourceTree = "<group>"; };
		185CF61424E29DB300565CA4 /* TCSWEBHeader.h */ = {isa = PBXFileReference; lastKnownFileType = sourcecode.c.h; path = TCSWEBHeader.h; sourceTree = "<group>"; };
		186A31F024DA997A0066CBE5 /* SwiftStudyBook.app */ = {isa = PBXFileReference; explicitFileType = wrapper.application; includeInIndex = 0; path = SwiftStudyBook.app; sourceTree = BUILT_PRODUCTS_DIR; };
		186A31F324DA997A0066CBE5 /* AppDelegate.swift */ = {isa = PBXFileReference; lastKnownFileType = sourcecode.swift; path = AppDelegate.swift; sourceTree = "<group>"; };
		186A31F524DA997A0066CBE5 /* SceneDelegate.swift */ = {isa = PBXFileReference; lastKnownFileType = sourcecode.swift; path = SceneDelegate.swift; sourceTree = "<group>"; };
		186A31F724DA997A0066CBE5 /* ViewController.swift */ = {isa = PBXFileReference; lastKnownFileType = sourcecode.swift; path = ViewController.swift; sourceTree = "<group>"; };
		186A31FA24DA997A0066CBE5 /* Base */ = {isa = PBXFileReference; lastKnownFileType = file.storyboard; name = Base; path = Base.lproj/Main.storyboard; sourceTree = "<group>"; };
		186A31FC24DA99800066CBE5 /* Assets.xcassets */ = {isa = PBXFileReference; lastKnownFileType = folder.assetcatalog; path = Assets.xcassets; sourceTree = "<group>"; };
		186A31FF24DA99800066CBE5 /* Base */ = {isa = PBXFileReference; lastKnownFileType = file.storyboard; name = Base; path = Base.lproj/LaunchScreen.storyboard; sourceTree = "<group>"; };
		186A320124DA99800066CBE5 /* Info.plist */ = {isa = PBXFileReference; lastKnownFileType = text.plist.xml; path = Info.plist; sourceTree = "<group>"; };
		186A320624DA99810066CBE5 /* SwiftStudyBookTests.xctest */ = {isa = PBXFileReference; explicitFileType = wrapper.cfbundle; includeInIndex = 0; path = SwiftStudyBookTests.xctest; sourceTree = BUILT_PRODUCTS_DIR; };
		186A320A24DA99810066CBE5 /* SwiftStudyBookTests.swift */ = {isa = PBXFileReference; lastKnownFileType = sourcecode.swift; path = SwiftStudyBookTests.swift; sourceTree = "<group>"; };
		186A320C24DA99810066CBE5 /* Info.plist */ = {isa = PBXFileReference; lastKnownFileType = text.plist.xml; path = Info.plist; sourceTree = "<group>"; };
		186A321124DA99810066CBE5 /* SwiftStudyBookUITests.xctest */ = {isa = PBXFileReference; explicitFileType = wrapper.cfbundle; includeInIndex = 0; path = SwiftStudyBookUITests.xctest; sourceTree = BUILT_PRODUCTS_DIR; };
		186A321524DA99810066CBE5 /* SwiftStudyBookUITests.swift */ = {isa = PBXFileReference; lastKnownFileType = sourcecode.swift; path = SwiftStudyBookUITests.swift; sourceTree = "<group>"; };
		186A321724DA99810066CBE5 /* Info.plist */ = {isa = PBXFileReference; lastKnownFileType = text.plist.xml; path = Info.plist; sourceTree = "<group>"; };
		186A322624DA9A0F0066CBE5 /* GCDViewController.swift */ = {isa = PBXFileReference; fileEncoding = 4; lastKnownFileType = sourcecode.swift; path = GCDViewController.swift; sourceTree = "<group>"; };
		186A322824DA9A0F0066CBE5 /* PersonOne.swift */ = {isa = PBXFileReference; fileEncoding = 4; lastKnownFileType = sourcecode.swift; path = PersonOne.swift; sourceTree = "<group>"; };
		186A322924DA9A0F0066CBE5 /* HomeVC.swift */ = {isa = PBXFileReference; fileEncoding = 4; lastKnownFileType = sourcecode.swift; path = HomeVC.swift; sourceTree = "<group>"; };
		186A322A24DA9A0F0066CBE5 /* testXIB.swift */ = {isa = PBXFileReference; fileEncoding = 4; lastKnownFileType = sourcecode.swift; path = testXIB.swift; sourceTree = "<group>"; };
		186A322B24DA9A0F0066CBE5 /* testXIB.xib */ = {isa = PBXFileReference; fileEncoding = 4; lastKnownFileType = file.xib; path = testXIB.xib; sourceTree = "<group>"; };
		186A322D24DA9A0F0066CBE5 /* BaseNavController.swift */ = {isa = PBXFileReference; fileEncoding = 4; lastKnownFileType = sourcecode.swift; path = BaseNavController.swift; sourceTree = "<group>"; };
		186A322E24DA9A0F0066CBE5 /* CityButton.swift */ = {isa = PBXFileReference; fileEncoding = 4; lastKnownFileType = sourcecode.swift; path = CityButton.swift; sourceTree = "<group>"; };
		186A322F24DA9A0F0066CBE5 /* BaseViewController.swift */ = {isa = PBXFileReference; fileEncoding = 4; lastKnownFileType = sourcecode.swift; path = BaseViewController.swift; sourceTree = "<group>"; };
		186A323024DA9A0F0066CBE5 /* TableTitleVC.swift */ = {isa = PBXFileReference; fileEncoding = 4; lastKnownFileType = sourcecode.swift; path = TableTitleVC.swift; sourceTree = "<group>"; };
		186A323124DA9A0F0066CBE5 /* BaseTabBarViewController.swift */ = {isa = PBXFileReference; fileEncoding = 4; lastKnownFileType = sourcecode.swift; path = BaseTabBarViewController.swift; sourceTree = "<group>"; };
		186A323324DA9A0F0066CBE5 /* FourthVC.swift */ = {isa = PBXFileReference; fileEncoding = 4; lastKnownFileType = sourcecode.swift; path = FourthVC.swift; sourceTree = "<group>"; };
		186A323524DA9A0F0066CBE5 /* ThirdVC.swift */ = {isa = PBXFileReference; fileEncoding = 4; lastKnownFileType = sourcecode.swift; path = ThirdVC.swift; sourceTree = "<group>"; };
		186A323724DA9A0F0066CBE5 /* FifthVC.swift */ = {isa = PBXFileReference; fileEncoding = 4; lastKnownFileType = sourcecode.swift; path = FifthVC.swift; sourceTree = "<group>"; };
		186A323A24DA9A0F0066CBE5 /* SecondDetailVC.swift */ = {isa = PBXFileReference; fileEncoding = 4; lastKnownFileType = sourcecode.swift; path = SecondDetailVC.swift; sourceTree = "<group>"; };
		186A323B24DA9A0F0066CBE5 /* SecondVC.swift */ = {isa = PBXFileReference; fileEncoding = 4; lastKnownFileType = sourcecode.swift; path = SecondVC.swift; sourceTree = "<group>"; };
		186A323E24DA9A0F0066CBE5 /* TripCarCollectionViewCell.swift */ = {isa = PBXFileReference; fileEncoding = 4; lastKnownFileType = sourcecode.swift; path = TripCarCollectionViewCell.swift; sourceTree = "<group>"; };
		186A323F24DA9A0F0066CBE5 /* PuBuLiuLay.swift */ = {isa = PBXFileReference; fileEncoding = 4; lastKnownFileType = sourcecode.swift; path = PuBuLiuLay.swift; sourceTree = "<group>"; };
		186A324124DA9A0F0066CBE5 /* VariableDefineFile.swift */ = {isa = PBXFileReference; fileEncoding = 4; lastKnownFileType = sourcecode.swift; path = VariableDefineFile.swift; sourceTree = "<group>"; };
		186A324224DA9A0F0066CBE5 /* BtnExtension.swift */ = {isa = PBXFileReference; fileEncoding = 4; lastKnownFileType = sourcecode.swift; path = BtnExtension.swift; sourceTree = "<group>"; };
		186A324324DA9A0F0066CBE5 /* BaseExtension.swift */ = {isa = PBXFileReference; fileEncoding = 4; lastKnownFileType = sourcecode.swift; path = BaseExtension.swift; sourceTree = "<group>"; };
		186CE624251064E900B84E9B /* CorShaVViewController.h */ = {isa = PBXFileReference; lastKnownFileType = sourcecode.c.h; path = CorShaVViewController.h; sourceTree = "<group>"; };
		186CE625251064E900B84E9B /* CorShaVViewController.m */ = {isa = PBXFileReference; lastKnownFileType = sourcecode.c.objc; path = CorShaVViewController.m; sourceTree = "<group>"; };
		186CE629251065DB00B84E9B /* NSDictionary+DIcLog.h */ = {isa = PBXFileReference; fileEncoding = 4; lastKnownFileType = sourcecode.c.h; path = "NSDictionary+DIcLog.h"; sourceTree = "<group>"; };
		186CE62A251065DB00B84E9B /* NSString+AttributedString.h */ = {isa = PBXFileReference; fileEncoding = 4; lastKnownFileType = sourcecode.c.h; path = "NSString+AttributedString.h"; sourceTree = "<group>"; };
		186CE62B251065DB00B84E9B /* NSData+SwitchData.h */ = {isa = PBXFileReference; fileEncoding = 4; lastKnownFileType = sourcecode.c.h; path = "NSData+SwitchData.h"; sourceTree = "<group>"; };
		186CE62C251065DB00B84E9B /* NSTimer+timerBlock.m */ = {isa = PBXFileReference; fileEncoding = 4; lastKnownFileType = sourcecode.c.objc; path = "NSTimer+timerBlock.m"; sourceTree = "<group>"; };
		186CE62D251065DB00B84E9B /* NSMutableArray+Safe.m */ = {isa = PBXFileReference; fileEncoding = 4; lastKnownFileType = sourcecode.c.objc; path = "NSMutableArray+Safe.m"; sourceTree = "<group>"; };
		186CE62E251065DB00B84E9B /* NSString+SwitchData.h */ = {isa = PBXFileReference; fileEncoding = 4; lastKnownFileType = sourcecode.c.h; path = "NSString+SwitchData.h"; sourceTree = "<group>"; };
		186CE62F251065DB00B84E9B /* NSDictionary+NilSafe.m */ = {isa = PBXFileReference; fileEncoding = 4; lastKnownFileType = sourcecode.c.objc; path = "NSDictionary+NilSafe.m"; sourceTree = "<group>"; };
		186CE630251065DB00B84E9B /* GlobalVariablesClass.m */ = {isa = PBXFileReference; fileEncoding = 4; lastKnownFileType = sourcecode.c.objc; path = GlobalVariablesClass.m; sourceTree = "<group>"; };
		186CE631251065DB00B84E9B /* NSObject+UndefineKey.h */ = {isa = PBXFileReference; fileEncoding = 4; lastKnownFileType = sourcecode.c.h; path = "NSObject+UndefineKey.h"; sourceTree = "<group>"; };
		186CE632251065DB00B84E9B /* UIView+Extension.h */ = {isa = PBXFileReference; fileEncoding = 4; lastKnownFileType = sourcecode.c.h; path = "UIView+Extension.h"; sourceTree = "<group>"; };
		186CE633251065DB00B84E9B /* UIImage+LightColor.m */ = {isa = PBXFileReference; fileEncoding = 4; lastKnownFileType = sourcecode.c.objc; path = "UIImage+LightColor.m"; sourceTree = "<group>"; };
		186CE634251065DB00B84E9B /* UILabel+LeftTopAlign.m */ = {isa = PBXFileReference; fileEncoding = 4; lastKnownFileType = sourcecode.c.objc; path = "UILabel+LeftTopAlign.m"; sourceTree = "<group>"; };
		186CE635251065DB00B84E9B /* NSString+MD5.h */ = {isa = PBXFileReference; fileEncoding = 4; lastKnownFileType = sourcecode.c.h; path = "NSString+MD5.h"; sourceTree = "<group>"; };
		186CE636251065DB00B84E9B /* UILabel+BaseLabel.h */ = {isa = PBXFileReference; fileEncoding = 4; lastKnownFileType = sourcecode.c.h; path = "UILabel+BaseLabel.h"; sourceTree = "<group>"; };
		186CE637251065DB00B84E9B /* UIColor+extend.m */ = {isa = PBXFileReference; fileEncoding = 4; lastKnownFileType = sourcecode.c.objc; path = "UIColor+extend.m"; sourceTree = "<group>"; };
		186CE638251065DB00B84E9B /* NSArray+Safe.h */ = {isa = PBXFileReference; fileEncoding = 4; lastKnownFileType = sourcecode.c.h; path = "NSArray+Safe.h"; sourceTree = "<group>"; };
		186CE639251065DB00B84E9B /* NSTimer+timerBlock.h */ = {isa = PBXFileReference; fileEncoding = 4; lastKnownFileType = sourcecode.c.h; path = "NSTimer+timerBlock.h"; sourceTree = "<group>"; };
		186CE63A251065DB00B84E9B /* NSData+SwitchData.m */ = {isa = PBXFileReference; fileEncoding = 4; lastKnownFileType = sourcecode.c.objc; path = "NSData+SwitchData.m"; sourceTree = "<group>"; };
		186CE63B251065DB00B84E9B /* NSString+AttributedString.m */ = {isa = PBXFileReference; fileEncoding = 4; lastKnownFileType = sourcecode.c.objc; path = "NSString+AttributedString.m"; sourceTree = "<group>"; };
		186CE63D251065DB00B84E9B /* NSDictionary+DIcLog.m */ = {isa = PBXFileReference; fileEncoding = 4; lastKnownFileType = sourcecode.c.objc; path = "NSDictionary+DIcLog.m"; sourceTree = "<group>"; };
		186CE63E251065DB00B84E9B /* NSObject+UndefineKey.m */ = {isa = PBXFileReference; fileEncoding = 4; lastKnownFileType = sourcecode.c.objc; path = "NSObject+UndefineKey.m"; sourceTree = "<group>"; };
		186CE63F251065DB00B84E9B /* GlobalVariablesClass.h */ = {isa = PBXFileReference; fileEncoding = 4; lastKnownFileType = sourcecode.c.h; path = GlobalVariablesClass.h; sourceTree = "<group>"; };
		186CE640251065DB00B84E9B /* NSDictionary+NilSafe.h */ = {isa = PBXFileReference; fileEncoding = 4; lastKnownFileType = sourcecode.c.h; path = "NSDictionary+NilSafe.h"; sourceTree = "<group>"; };
		186CE641251065DB00B84E9B /* NSString+SwitchData.m */ = {isa = PBXFileReference; fileEncoding = 4; lastKnownFileType = sourcecode.c.objc; path = "NSString+SwitchData.m"; sourceTree = "<group>"; };
		186CE642251065DB00B84E9B /* NSMutableArray+Safe.h */ = {isa = PBXFileReference; fileEncoding = 4; lastKnownFileType = sourcecode.c.h; path = "NSMutableArray+Safe.h"; sourceTree = "<group>"; };
		186CE643251065DB00B84E9B /* UILabel+LeftTopAlign.h */ = {isa = PBXFileReference; fileEncoding = 4; lastKnownFileType = sourcecode.c.h; path = "UILabel+LeftTopAlign.h"; sourceTree = "<group>"; };
		186CE644251065DB00B84E9B /* NSString+MD5.m */ = {isa = PBXFileReference; fileEncoding = 4; lastKnownFileType = sourcecode.c.objc; path = "NSString+MD5.m"; sourceTree = "<group>"; };
		186CE645251065DB00B84E9B /* UIImage+LightColor.h */ = {isa = PBXFileReference; fileEncoding = 4; lastKnownFileType = sourcecode.c.h; path = "UIImage+LightColor.h"; sourceTree = "<group>"; };
		186CE646251065DB00B84E9B /* UIView+Extension.m */ = {isa = PBXFileReference; fileEncoding = 4; lastKnownFileType = sourcecode.c.objc; path = "UIView+Extension.m"; sourceTree = "<group>"; };
		186CE647251065DB00B84E9B /* Swzzling.h */ = {isa = PBXFileReference; fileEncoding = 4; lastKnownFileType = sourcecode.c.h; path = Swzzling.h; sourceTree = "<group>"; };
		186CE648251065DB00B84E9B /* UIColor+extend.h */ = {isa = PBXFileReference; fileEncoding = 4; lastKnownFileType = sourcecode.c.h; path = "UIColor+extend.h"; sourceTree = "<group>"; };
		186CE649251065DB00B84E9B /* NSArray+Safe.m */ = {isa = PBXFileReference; fileEncoding = 4; lastKnownFileType = sourcecode.c.objc; path = "NSArray+Safe.m"; sourceTree = "<group>"; };
		186CE64A251065DB00B84E9B /* UILabel+BaseLabel.m */ = {isa = PBXFileReference; fileEncoding = 4; lastKnownFileType = sourcecode.c.objc; path = "UILabel+BaseLabel.m"; sourceTree = "<group>"; };
		1886CF982577691C00EC06EB /* LayerViewController.h */ = {isa = PBXFileReference; lastKnownFileType = sourcecode.c.h; path = LayerViewController.h; sourceTree = "<group>"; };
		1886CF992577691C00EC06EB /* LayerViewController.m */ = {isa = PBXFileReference; lastKnownFileType = sourcecode.c.objc; path = LayerViewController.m; sourceTree = "<group>"; };
		1886CF9B2577770600EC06EB /* TestViewContext.h */ = {isa = PBXFileReference; lastKnownFileType = sourcecode.c.h; path = TestViewContext.h; sourceTree = "<group>"; };
		1886CF9C2577770600EC06EB /* TestViewContext.m */ = {isa = PBXFileReference; lastKnownFileType = sourcecode.c.objc; path = TestViewContext.m; sourceTree = "<group>"; };
		188773B825319C46004AE0FE /* View.swift */ = {isa = PBXFileReference; fileEncoding = 4; lastKnownFileType = sourcecode.swift; path = View.swift; sourceTree = "<group>"; };
		1899DE7826F2E2DB00C54B03 /* BlockViewController.h */ = {isa = PBXFileReference; lastKnownFileType = sourcecode.c.h; path = BlockViewController.h; sourceTree = "<group>"; };
		1899DE7926F2E2DB00C54B03 /* BlockViewController.m */ = {isa = PBXFileReference; lastKnownFileType = sourcecode.c.objc; path = BlockViewController.m; sourceTree = "<group>"; };
		1899FB90257DF8DA00931DD5 /* Transfoem3DVC.h */ = {isa = PBXFileReference; lastKnownFileType = sourcecode.c.h; path = Transfoem3DVC.h; sourceTree = "<group>"; };
		1899FB91257DF8DA00931DD5 /* Transfoem3DVC.m */ = {isa = PBXFileReference; lastKnownFileType = sourcecode.c.objc; path = Transfoem3DVC.m; sourceTree = "<group>"; };
		189D071927C365250073D004 /* LayIfneedViewController.h */ = {isa = PBXFileReference; lastKnownFileType = sourcecode.c.h; path = LayIfneedViewController.h; sourceTree = "<group>"; };
		189D071A27C365260073D004 /* LayIfneedViewController.m */ = {isa = PBXFileReference; lastKnownFileType = sourcecode.c.objc; path = LayIfneedViewController.m; sourceTree = "<group>"; };
		189D071C27C365660073D004 /* LayNeedView.h */ = {isa = PBXFileReference; lastKnownFileType = sourcecode.c.h; path = LayNeedView.h; sourceTree = "<group>"; };
		189D071D27C365660073D004 /* LayNeedView.m */ = {isa = PBXFileReference; lastKnownFileType = sourcecode.c.objc; path = LayNeedView.m; sourceTree = "<group>"; };
		18AC7D8327683B0800366326 /* CoreAnimationVC.h */ = {isa = PBXFileReference; lastKnownFileType = sourcecode.c.h; path = CoreAnimationVC.h; sourceTree = "<group>"; };
		18AC7D8427683B0800366326 /* CoreAnimationVC.m */ = {isa = PBXFileReference; lastKnownFileType = sourcecode.c.objc; path = CoreAnimationVC.m; sourceTree = "<group>"; };
		18B6E40C24EE577E001B7BE3 /* CopyVC.h */ = {isa = PBXFileReference; lastKnownFileType = sourcecode.c.h; path = CopyVC.h; sourceTree = "<group>"; };
		18B6E40D24EE577E001B7BE3 /* CopyVC.m */ = {isa = PBXFileReference; lastKnownFileType = sourcecode.c.objc; path = CopyVC.m; sourceTree = "<group>"; };
		18B8EA77272A459B00825B0E /* RunloopViewController.h */ = {isa = PBXFileReference; lastKnownFileType = sourcecode.c.h; path = RunloopViewController.h; sourceTree = "<group>"; };
		18B8EA78272A459B00825B0E /* RunloopViewController.m */ = {isa = PBXFileReference; lastKnownFileType = sourcecode.c.objc; path = RunloopViewController.m; sourceTree = "<group>"; };
		18C6B85C26E0C50800805922 /* RuntimeViewController.h */ = {isa = PBXFileReference; lastKnownFileType = sourcecode.c.h; path = RuntimeViewController.h; sourceTree = "<group>"; };
		18C6B85D26E0C50800805922 /* RuntimeViewController.m */ = {isa = PBXFileReference; lastKnownFileType = sourcecode.c.objc; path = RuntimeViewController.m; sourceTree = "<group>"; };
		18C6B85F26E0C73A00805922 /* Person.h */ = {isa = PBXFileReference; lastKnownFileType = sourcecode.c.h; path = Person.h; sourceTree = "<group>"; };
		18C6B86026E0C73A00805922 /* Person.m */ = {isa = PBXFileReference; lastKnownFileType = sourcecode.c.objc; path = Person.m; sourceTree = "<group>"; };
		18E9465224ED0DC300A9A0B8 /* weakStudyVC.h */ = {isa = PBXFileReference; lastKnownFileType = sourcecode.c.h; path = weakStudyVC.h; sourceTree = "<group>"; };
		18E9465324ED0DC300A9A0B8 /* weakStudyVC.m */ = {isa = PBXFileReference; lastKnownFileType = sourcecode.c.objc; path = weakStudyVC.m; sourceTree = "<group>"; };
		18E9465524ED118200A9A0B8 /* BaseOCVC.h */ = {isa = PBXFileReference; lastKnownFileType = sourcecode.c.h; path = BaseOCVC.h; sourceTree = "<group>"; };
		18E9465624ED118200A9A0B8 /* BaseOCVC.m */ = {isa = PBXFileReference; lastKnownFileType = sourcecode.c.objc; path = BaseOCVC.m; sourceTree = "<group>"; };
		18E9465824ED11E400A9A0B8 /* BaseTableVC.h */ = {isa = PBXFileReference; lastKnownFileType = sourcecode.c.h; path = BaseTableVC.h; sourceTree = "<group>"; };
		18E9465924ED11E400A9A0B8 /* BaseTableVC.m */ = {isa = PBXFileReference; lastKnownFileType = sourcecode.c.objc; path = BaseTableVC.m; sourceTree = "<group>"; };
		18FEF4C724F3AD0F000D2811 /* SwiftStudyBook-Bridging-Header.h */ = {isa = PBXFileReference; fileEncoding = 4; lastKnownFileType = sourcecode.c.h; path = "SwiftStudyBook-Bridging-Header.h"; sourceTree = "<group>"; };
		1DA3D70638DFA65DD4D714EB /* Pods-SwiftStudyBook.release.xcconfig */ = {isa = PBXFileReference; includeInIndex = 1; lastKnownFileType = text.xcconfig; name = "Pods-SwiftStudyBook.release.xcconfig"; path = "Target Support Files/Pods-SwiftStudyBook/Pods-SwiftStudyBook.release.xcconfig"; sourceTree = "<group>"; };
		861008AF9C5CF96FB6E0A67B /* libPods-SwiftStudyBook.a */ = {isa = PBXFileReference; explicitFileType = archive.ar; includeInIndex = 0; path = "libPods-SwiftStudyBook.a"; sourceTree = BUILT_PRODUCTS_DIR; };
		F6A01FF6C82694507C108D6B /* Pods-SwiftStudyBook.debug.xcconfig */ = {isa = PBXFileReference; includeInIndex = 1; lastKnownFileType = text.xcconfig; name = "Pods-SwiftStudyBook.debug.xcconfig"; path = "Target Support Files/Pods-SwiftStudyBook/Pods-SwiftStudyBook.debug.xcconfig"; sourceTree = "<group>"; };
/* End PBXFileReference section */

/* Begin PBXFrameworksBuildPhase section */
		186A31ED24DA997A0066CBE5 /* Frameworks */ = {
			isa = PBXFrameworksBuildPhase;
			buildActionMask = 2147483647;
			files = (
				5A3711F120CBD271A3000576 /* libPods-SwiftStudyBook.a in Frameworks */,
			);
			runOnlyForDeploymentPostprocessing = 0;
		};
		186A320324DA99810066CBE5 /* Frameworks */ = {
			isa = PBXFrameworksBuildPhase;
			buildActionMask = 2147483647;
			files = (
			);
			runOnlyForDeploymentPostprocessing = 0;
		};
		186A320E24DA99810066CBE5 /* Frameworks */ = {
			isa = PBXFrameworksBuildPhase;
			buildActionMask = 2147483647;
			files = (
			);
			runOnlyForDeploymentPostprocessing = 0;
		};
/* End PBXFrameworksBuildPhase section */

/* Begin PBXGroup section */
		041DC79F29A75A490013D4E2 /* View */ = {
			isa = PBXGroup;
			children = (
				041DC7A029A75A680013D4E2 /* ScrollerLabel.h */,
				041DC7A129A75A680013D4E2 /* ScrollerLabel.m */,
			);
			path = View;
			sourceTree = "<group>";
		};
		0449688F291CD4C500DF0E5E /* TcsExtensions */ = {
			isa = PBXGroup;
			children = (
				04496891291CD5A200DF0E5E /* ClassStructEnum.swift */,
			);
			path = TcsExtensions;
			sourceTree = "<group>";
		};
		046056A7296D3F8800A3D8E0 /* MyThirtPart */ = {
			isa = PBXGroup;
			children = (
				046056A9296D3F9D00A3D8E0 /* ImageWithBtn.h */,
				046056A8296D3F9D00A3D8E0 /* ImageWithBtn.m */,
				04E2A3E829A764F600F7C46C /* AVSpeechSynthesizerManger.h */,
				04E2A3E929A764F600F7C46C /* AVSpeechSynthesizerManger.m */,
			);
			path = MyThirtPart;
			sourceTree = "<group>";
		};
		04EC655628BF618400742E08 /* View */ = {
			isa = PBXGroup;
			children = (
				04EC655728BF61AF00742E08 /* TCSTabPlaceholderView.swift */,
			);
			path = View;
			sourceTree = "<group>";
		};
		1846903325BFFB10009E879B /* FNPAFNetworking */ = {
			isa = PBXGroup;
			children = (
				1846903425BFFB10009E879B /* Security */,
				1846903725BFFB10009E879B /* UIKit */,
				1846903825BFFB10009E879B /* Serialization */,
				1846903D25BFFB10009E879B /* FNPAFNetworking.h */,
				1846903E25BFFB10009E879B /* Reachability */,
				1846904125BFFB10009E879B /* NSURLSession */,
				1846904625BFFB10009E879B /* Supportfiles */,
			);
			path = FNPAFNetworking;
			sourceTree = "<group>";
		};
		1846903425BFFB10009E879B /* Security */ = {
			isa = PBXGroup;
			children = (
				1846903525BFFB10009E879B /* FNPAFSecurityPolicy.h */,
				1846903625BFFB10009E879B /* FNPAFSecurityPolicy.m */,
			);
			path = Security;
			sourceTree = "<group>";
		};
		1846903725BFFB10009E879B /* UIKit */ = {
			isa = PBXGroup;
			children = (
			);
			path = UIKit;
			sourceTree = "<group>";
		};
		1846903825BFFB10009E879B /* Serialization */ = {
			isa = PBXGroup;
			children = (
				1846903925BFFB10009E879B /* FNPAFURLRequestSerialization.m */,
				1846903A25BFFB10009E879B /* FNPAFURLResponseSerialization.h */,
				1846903B25BFFB10009E879B /* FNPAFURLRequestSerialization.h */,
				1846903C25BFFB10009E879B /* FNPAFURLResponseSerialization.m */,
			);
			path = Serialization;
			sourceTree = "<group>";
		};
		1846903E25BFFB10009E879B /* Reachability */ = {
			isa = PBXGroup;
			children = (
				1846903F25BFFB10009E879B /* FNPAFNetworkReachabilityManager.h */,
				1846904025BFFB10009E879B /* FNPAFNetworkReachabilityManager.m */,
			);
			path = Reachability;
			sourceTree = "<group>";
		};
		1846904125BFFB10009E879B /* NSURLSession */ = {
			isa = PBXGroup;
			children = (
				1846904225BFFB10009E879B /* FNPAFHTTPSessionManager.m */,
				1846904325BFFB10009E879B /* FNPAFURLSessionManager.m */,
				1846904425BFFB10009E879B /* FNPAFHTTPSessionManager.h */,
				1846904525BFFB10009E879B /* FNPAFURLSessionManager.h */,
			);
			path = NSURLSession;
			sourceTree = "<group>";
		};
		1846904625BFFB10009E879B /* Supportfiles */ = {
			isa = PBXGroup;
			children = (
			);
			path = Supportfiles;
			sourceTree = "<group>";
		};
		184690F025C1613F009E879B /* FNPSDWebImage */ = {
			isa = PBXGroup;
			children = (
				184690F125C1613F009E879B /* FNPSDWebImageDownloader.m */,
				184690F225C1613F009E879B /* FNPSDImageCache.h */,
				184690F325C1613F009E879B /* FNPSDWebImageCoderHelper.m */,
				184690F425C1613F009E879B /* NSData+FNPImageContentType.h */,
				184690F525C1613F009E879B /* FNPSDImageCacheConfig.m */,
				184690F625C1613F009E879B /* FNPSDWebImageCodersManager.m */,
				184690F725C1613F009E879B /* FNPSDWebImageGIFCoder.m */,
				184690F825C1613F009E879B /* FNPSDWebImageManager.m */,
				184690F925C1613F009E879B /* FNPSDWebImageImageIOCoder.h */,
				184690FA25C1613F009E879B /* FNPSDWebImageDownloaderOperation.h */,
				184690FB25C1613F009E879B /* UIImage+FNPMultiFormat.m */,
				184690FC25C1613F009E879B /* FNPSDWebImageCoder.h */,
				184690FD25C1613F009E879B /* NSImage+FNPWebCache.h */,
				184690FE25C1613F009E879B /* UIImageView+FNPWebCache.m */,
				184690FF25C1613F009E879B /* FNPSDWebImageOperation.h */,
				1846910025C1613F009E879B /* UIButton+FNPWebCache.h */,
				1846910125C1613F009E879B /* FNPSDWebImageFrame.m */,
				1846910225C1613F009E879B /* FNPSDWebImageCompat.m */,
				1846910325C1613F009E879B /* UIView+FNPWebCache.m */,
				1846910425C1613F009E879B /* UIView+FNPWebCacheOperation.m */,
				1846910525C1613F009E879B /* FNPSDImageCache.m */,
				1846910625C1613F009E879B /* FNPSDWebImageDownloader.h */,
				1846910725C1613F009E879B /* FNPSDWebImageImageIOCoder.m */,
				1846910825C1613F009E879B /* FNPSDWebImageGIFCoder.h */,
				1846910925C1613F009E879B /* FNPSDWebImageManager.h */,
				1846910A25C1613F009E879B /* FNPSDWebImageCodersManager.h */,
				1846910B25C1613F009E879B /* FNPSDImageCacheConfig.h */,
				1846910C25C1613F009E879B /* NSData+FNPImageContentType.m */,
				1846910D25C1613F009E879B /* FNPSDWebImageCoderHelper.h */,
				1846910E25C1613F009E879B /* NSImage+FNPWebCache.m */,
				1846910F25C1613F009E879B /* FNPSDWebImageCoder.m */,
				1846911025C1613F009E879B /* UIImage+FNPMultiFormat.h */,
				1846911125C1613F009E879B /* FNPSDWebImageDownloaderOperation.m */,
				1846911225C1613F009E879B /* UIView+FNPWebCacheOperation.h */,
				1846911325C1613F009E879B /* UIView+FNPWebCache.h */,
				1846911425C1613F009E879B /* FNPSDWebImageCompat.h */,
				1846911525C1613F009E879B /* FNPSDWebImageFrame.h */,
				1846911625C1613F009E879B /* UIButton+FNPWebCache.m */,
				1846911725C1613F009E879B /* UIImageView+FNPWebCache.h */,
			);
			path = FNPSDWebImage;
			sourceTree = "<group>";
		};
		18505AC62578DCAA00C88CB1 /* LayerVCImage */ = {
			isa = PBXGroup;
			children = (
				18481609273A1AAE009CAFB3 /* btn_location_4.0.9@2x.png */,
				18481607273A1AAD009CAFB3 /* btn_location_4.0.9@3x.png */,
				18481608273A1AAE009CAFB3 /* btn_pengyouquan@2x.png */,
				1848160B273A1AAE009CAFB3 /* btn_pengyouquan@3x.png */,
				1848160A273A1AAE009CAFB3 /* icon_qq_pre1@2x.png */,
				1848160C273A1AAE009CAFB3 /* icon_qq_pre1@3x.png */,
				18505AC72578DCAA00C88CB1 /* icon_xiaoma@3x.png */,
				18505AC82578DCAA00C88CB1 /* icon_xiaoma@2x.png */,
			);
			path = LayerVCImage;
			sourceTree = "<group>";
		};
		185CF60C24E29B1000565CA4 /* OCViewControllers */ = {
			isa = PBXGroup;
			children = (
				185CF60E24E29B4600565CA4 /* testOCvc.h */,
				185CF60F24E29B4600565CA4 /* testOCvc.m */,
			);
			path = OCViewControllers;
			sourceTree = "<group>";
		};
		185CF61924E29EB600565CA4 /* Weak */ = {
			isa = PBXGroup;
			children = (
				18E9465224ED0DC300A9A0B8 /* weakStudyVC.h */,
				18E9465324ED0DC300A9A0B8 /* weakStudyVC.m */,
			);
			path = Weak;
			sourceTree = "<group>";
		};
		186A31E724DA997A0066CBE5 = {
			isa = PBXGroup;
			children = (
				186A31F224DA997A0066CBE5 /* SwiftStudyBook */,
				186A320924DA99810066CBE5 /* SwiftStudyBookTests */,
				186A321424DA99810066CBE5 /* SwiftStudyBookUITests */,
				186A31F124DA997A0066CBE5 /* Products */,
				CA4D39E7EA04E4AEA272290E /* Pods */,
				51ED3110EF7ED7C982C5ECA3 /* Frameworks */,
			);
			sourceTree = "<group>";
		};
		186A31F124DA997A0066CBE5 /* Products */ = {
			isa = PBXGroup;
			children = (
				186A31F024DA997A0066CBE5 /* SwiftStudyBook.app */,
				186A320624DA99810066CBE5 /* SwiftStudyBookTests.xctest */,
				186A321124DA99810066CBE5 /* SwiftStudyBookUITests.xctest */,
			);
			name = Products;
			sourceTree = "<group>";
		};
		186A31F224DA997A0066CBE5 /* SwiftStudyBook */ = {
			isa = PBXGroup;
			children = (
				1886CF9725775FD400EC06EB /* Resours */,
				186CE627251065DA00B84E9B /* Category */,
				185CF60C24E29B1000565CA4 /* OCViewControllers */,
				186A324024DA9A0F0066CBE5 /* Common */,
				186A324424DA9A0F0066CBE5 /* ThirtPart */,
				186A322324DA9A0F0066CBE5 /* ViewControllers */,
				186A31F324DA997A0066CBE5 /* AppDelegate.swift */,
				186A31F524DA997A0066CBE5 /* SceneDelegate.swift */,
				18FEF4C724F3AD0F000D2811 /* SwiftStudyBook-Bridging-Header.h */,
				186A31F724DA997A0066CBE5 /* ViewController.swift */,
				186A31F924DA997A0066CBE5 /* Main.storyboard */,
				186A31FC24DA99800066CBE5 /* Assets.xcassets */,
				186A31FE24DA99800066CBE5 /* LaunchScreen.storyboard */,
				186A320124DA99800066CBE5 /* Info.plist */,
				185CF61224E29D2C00565CA4 /* TCSPrefixHeader.pch */,
				185CF61424E29DB300565CA4 /* TCSWEBHeader.h */,
				185CF61324E29D7C00565CA4 /* TCSHeader.h */,
				041DC7A629A75C010013D4E2 /* BlockHeader.h */,
			);
			path = SwiftStudyBook;
			sourceTree = "<group>";
		};
		186A320924DA99810066CBE5 /* SwiftStudyBookTests */ = {
			isa = PBXGroup;
			children = (
				186A320A24DA99810066CBE5 /* SwiftStudyBookTests.swift */,
				186A320C24DA99810066CBE5 /* Info.plist */,
			);
			path = SwiftStudyBookTests;
			sourceTree = "<group>";
		};
		186A321424DA99810066CBE5 /* SwiftStudyBookUITests */ = {
			isa = PBXGroup;
			children = (
				186A321524DA99810066CBE5 /* SwiftStudyBookUITests.swift */,
				186A321724DA99810066CBE5 /* Info.plist */,
			);
			path = SwiftStudyBookUITests;
			sourceTree = "<group>";
		};
		186A322324DA9A0F0066CBE5 /* ViewControllers */ = {
			isa = PBXGroup;
			children = (
				186A322C24DA9A0F0066CBE5 /* BaseVC */,
				186A322424DA9A0F0066CBE5 /* HomeVC */,
				186A323224DA9A0F0066CBE5 /* FourthVC */,
				186A323424DA9A0F0066CBE5 /* ThridVC */,
				186A323624DA9A0F0066CBE5 /* FifthVC */,
				186A323824DA9A0F0066CBE5 /* SecondVC */,
			);
			path = ViewControllers;
			sourceTree = "<group>";
		};
		186A322424DA9A0F0066CBE5 /* HomeVC */ = {
			isa = PBXGroup;
			children = (
				186A322724DA9A0F0066CBE5 /* Model */,
				186A322924DA9A0F0066CBE5 /* HomeVC.swift */,
				186A322A24DA9A0F0066CBE5 /* testXIB.swift */,
				186A322B24DA9A0F0066CBE5 /* testXIB.xib */,
			);
			path = HomeVC;
			sourceTree = "<group>";
		};
		186A322524DA9A0F0066CBE5 /* GCD */ = {
			isa = PBXGroup;
			children = (
				186A322624DA9A0F0066CBE5 /* GCDViewController.swift */,
			);
			path = GCD;
			sourceTree = "<group>";
		};
		186A322724DA9A0F0066CBE5 /* Model */ = {
			isa = PBXGroup;
			children = (
				186A322824DA9A0F0066CBE5 /* PersonOne.swift */,
			);
			path = Model;
			sourceTree = "<group>";
		};
		186A322C24DA9A0F0066CBE5 /* BaseVC */ = {
			isa = PBXGroup;
			children = (
				186A322D24DA9A0F0066CBE5 /* BaseNavController.swift */,
				186A322E24DA9A0F0066CBE5 /* CityButton.swift */,
				186A322F24DA9A0F0066CBE5 /* BaseViewController.swift */,
				186A323024DA9A0F0066CBE5 /* TableTitleVC.swift */,
				186A323124DA9A0F0066CBE5 /* BaseTabBarViewController.swift */,
				18E9465524ED118200A9A0B8 /* BaseOCVC.h */,
				18E9465624ED118200A9A0B8 /* BaseOCVC.m */,
				18E9465824ED11E400A9A0B8 /* BaseTableVC.h */,
				18E9465924ED11E400A9A0B8 /* BaseTableVC.m */,
			);
			path = BaseVC;
			sourceTree = "<group>";
		};
		186A323224DA9A0F0066CBE5 /* FourthVC */ = {
			isa = PBXGroup;
			children = (
				041DC79F29A75A490013D4E2 /* View */,
				186CE6202510648600B84E9B /* FourThViewControllers */,
				186A323324DA9A0F0066CBE5 /* FourthVC.swift */,
			);
			path = FourthVC;
			sourceTree = "<group>";
		};
		186A323424DA9A0F0066CBE5 /* ThridVC */ = {
			isa = PBXGroup;
			children = (
				0449688F291CD4C500DF0E5E /* TcsExtensions */,
				186A323524DA9A0F0066CBE5 /* ThirdVC.swift */,
			);
			path = ThridVC;
			sourceTree = "<group>";
		};
		186A323624DA9A0F0066CBE5 /* FifthVC */ = {
			isa = PBXGroup;
			children = (
				188773B825319C46004AE0FE /* View.swift */,
				186A323724DA9A0F0066CBE5 /* FifthVC.swift */,
			);
			path = FifthVC;
			sourceTree = "<group>";
		};
		186A323824DA9A0F0066CBE5 /* SecondVC */ = {
			isa = PBXGroup;
			children = (
				18B8EA76272A456500825B0E /* runloop */,
				1899DE7726F2E2AF00C54B03 /* Block */,
				18C6B85B26E0C47500805922 /* runtime */,
				18B6E40B24EE5742001B7BE3 /* copyMuCopy */,
				185CF61924E29EB600565CA4 /* Weak */,
				186A322524DA9A0F0066CBE5 /* GCD */,
				186A323924DA9A0F0066CBE5 /* SecondDetailVC */,
				186A323B24DA9A0F0066CBE5 /* SecondVC.swift */,
				186A323C24DA9A0F0066CBE5 /* Model */,
				186A323D24DA9A0F0066CBE5 /* View */,
			);
			path = SecondVC;
			sourceTree = "<group>";
		};
		186A323924DA9A0F0066CBE5 /* SecondDetailVC */ = {
			isa = PBXGroup;
			children = (
				186A323A24DA9A0F0066CBE5 /* SecondDetailVC.swift */,
			);
			path = SecondDetailVC;
			sourceTree = "<group>";
		};
		186A323C24DA9A0F0066CBE5 /* Model */ = {
			isa = PBXGroup;
			children = (
			);
			path = Model;
			sourceTree = "<group>";
		};
		186A323D24DA9A0F0066CBE5 /* View */ = {
			isa = PBXGroup;
			children = (
				186A323E24DA9A0F0066CBE5 /* TripCarCollectionViewCell.swift */,
				186A323F24DA9A0F0066CBE5 /* PuBuLiuLay.swift */,
			);
			path = View;
			sourceTree = "<group>";
		};
		186A324024DA9A0F0066CBE5 /* Common */ = {
			isa = PBXGroup;
			children = (
				186A324124DA9A0F0066CBE5 /* VariableDefineFile.swift */,
				186A324224DA9A0F0066CBE5 /* BtnExtension.swift */,
				186A324324DA9A0F0066CBE5 /* BaseExtension.swift */,
				0461C3DB28D2C7B40071D5DC /* ToolClass.h */,
				0461C3DC28D2C7B40071D5DC /* ToolClass.m */,
			);
			path = Common;
			sourceTree = "<group>";
		};
		186A324424DA9A0F0066CBE5 /* ThirtPart */ = {
			isa = PBXGroup;
			children = (
				046056A7296D3F8800A3D8E0 /* MyThirtPart */,
				184690F025C1613F009E879B /* FNPSDWebImage */,
				1846903325BFFB10009E879B /* FNPAFNetworking */,
			);
			path = ThirtPart;
			sourceTree = "<group>";
		};
		186CE6202510648600B84E9B /* FourThViewControllers */ = {
			isa = PBXGroup;
			children = (
				186CE624251064E900B84E9B /* CorShaVViewController.h */,
				186CE625251064E900B84E9B /* CorShaVViewController.m */,
				1886CF982577691C00EC06EB /* LayerViewController.h */,
				1886CF992577691C00EC06EB /* LayerViewController.m */,
				1886CF9B2577770600EC06EB /* TestViewContext.h */,
				1886CF9C2577770600EC06EB /* TestViewContext.m */,
				1899FB90257DF8DA00931DD5 /* Transfoem3DVC.h */,
				1899FB91257DF8DA00931DD5 /* Transfoem3DVC.m */,
				18481613273B688B009CAFB3 /* MYCustumText.h */,
				18481614273B688B009CAFB3 /* MYCustumText.m */,
				18AC7D8327683B0800366326 /* CoreAnimationVC.h */,
				18AC7D8427683B0800366326 /* CoreAnimationVC.m */,
				189D071927C365250073D004 /* LayIfneedViewController.h */,
				189D071A27C365260073D004 /* LayIfneedViewController.m */,
				189D071C27C365660073D004 /* LayNeedView.h */,
				189D071D27C365660073D004 /* LayNeedView.m */,
				041DC7A329A75AC40013D4E2 /* UIStyleViewController.h */,
				041DC7A429A75AC40013D4E2 /* UIStyleViewController.m */,
			);
			path = FourThViewControllers;
			sourceTree = "<group>";
		};
		186CE627251065DA00B84E9B /* Category */ = {
			isa = PBXGroup;
			children = (
				04EC655628BF618400742E08 /* View */,
				043F86D528ABC641003268EC /* UIButton+Ex.h */,
				043F86D428ABC641003268EC /* UIButton+Ex.m */,
				04EC655028BF588600742E08 /* UIButton+DelaySwizzling.h */,
				04EC655128BF588600742E08 /* UIButton+DelaySwizzling.m */,
				186CE631251065DB00B84E9B /* NSObject+UndefineKey.h */,
				186CE63E251065DB00B84E9B /* NSObject+UndefineKey.m */,
				186CE62E251065DB00B84E9B /* NSString+SwitchData.h */,
				186CE641251065DB00B84E9B /* NSString+SwitchData.m */,
				186CE645251065DB00B84E9B /* UIImage+LightColor.h */,
				186CE633251065DB00B84E9B /* UIImage+LightColor.m */,
				186CE643251065DB00B84E9B /* UILabel+LeftTopAlign.h */,
				186CE634251065DB00B84E9B /* UILabel+LeftTopAlign.m */,
				186CE639251065DB00B84E9B /* NSTimer+timerBlock.h */,
				186CE62C251065DB00B84E9B /* NSTimer+timerBlock.m */,
				186CE632251065DB00B84E9B /* UIView+Extension.h */,
				186CE646251065DB00B84E9B /* UIView+Extension.m */,
				048DA3B92938841000C15FD7 /* UIView+ShadowRadiusSide.h */,
				048DA3B82938841000C15FD7 /* UIView+ShadowRadiusSide.m */,
				186CE635251065DB00B84E9B /* NSString+MD5.h */,
				186CE644251065DB00B84E9B /* NSString+MD5.m */,
				186CE636251065DB00B84E9B /* UILabel+BaseLabel.h */,
				186CE64A251065DB00B84E9B /* UILabel+BaseLabel.m */,
				186CE62A251065DB00B84E9B /* NSString+AttributedString.h */,
				186CE63B251065DB00B84E9B /* NSString+AttributedString.m */,
				186CE648251065DB00B84E9B /* UIColor+extend.h */,
				186CE637251065DB00B84E9B /* UIColor+extend.m */,
				186CE638251065DB00B84E9B /* NSArray+Safe.h */,
				186CE649251065DB00B84E9B /* NSArray+Safe.m */,
				186CE642251065DB00B84E9B /* NSMutableArray+Safe.h */,
				186CE62D251065DB00B84E9B /* NSMutableArray+Safe.m */,
				186CE629251065DB00B84E9B /* NSDictionary+DIcLog.h */,
				186CE63D251065DB00B84E9B /* NSDictionary+DIcLog.m */,
				186CE640251065DB00B84E9B /* NSDictionary+NilSafe.h */,
				186CE62F251065DB00B84E9B /* NSDictionary+NilSafe.m */,
				186CE62B251065DB00B84E9B /* NSData+SwitchData.h */,
				186CE63A251065DB00B84E9B /* NSData+SwitchData.m */,
				186CE63F251065DB00B84E9B /* GlobalVariablesClass.h */,
				186CE630251065DB00B84E9B /* GlobalVariablesClass.m */,
				186CE647251065DB00B84E9B /* Swzzling.h */,
				04EC655328BF60ED00742E08 /* UITableView+ReloadDataSwizzling.h */,
				04EC655428BF60ED00742E08 /* UITableView+ReloadDataSwizzling.m */,
			);
			path = Category;
			sourceTree = "<group>";
		};
		1886CF9725775FD400EC06EB /* Resours */ = {
			isa = PBXGroup;
			children = (
				18505AC62578DCAA00C88CB1 /* LayerVCImage */,
			);
			path = Resours;
			sourceTree = "<group>";
		};
		1899DE7726F2E2AF00C54B03 /* Block */ = {
			isa = PBXGroup;
			children = (
				1899DE7826F2E2DB00C54B03 /* BlockViewController.h */,
				1899DE7926F2E2DB00C54B03 /* BlockViewController.m */,
			);
			path = Block;
			sourceTree = "<group>";
		};
		18B6E40B24EE5742001B7BE3 /* copyMuCopy */ = {
			isa = PBXGroup;
			children = (
				18B6E40C24EE577E001B7BE3 /* CopyVC.h */,
				18B6E40D24EE577E001B7BE3 /* CopyVC.m */,
			);
			path = copyMuCopy;
			sourceTree = "<group>";
		};
		18B8EA76272A456500825B0E /* runloop */ = {
			isa = PBXGroup;
			children = (
				18B8EA77272A459B00825B0E /* RunloopViewController.h */,
				18B8EA78272A459B00825B0E /* RunloopViewController.m */,
				043F86D028ABBF21003268EC /* NSArray+TCSSafe.h */,
				043F86D128ABBF22003268EC /* NSArray+TCSSafe.m */,
			);
			path = runloop;
			sourceTree = "<group>";
		};
		18C6B85B26E0C47500805922 /* runtime */ = {
			isa = PBXGroup;
			children = (
				18C6B85C26E0C50800805922 /* RuntimeViewController.h */,
				18C6B85D26E0C50800805922 /* RuntimeViewController.m */,
				18C6B85F26E0C73A00805922 /* Person.h */,
				18C6B86026E0C73A00805922 /* Person.m */,
				04B42FB52902400700291318 /* LoginInfo.h */,
				04B42FB62902400700291318 /* LoginInfo.m */,
				04B42FB829024B2400291318 /* HSFeedsViewController.h */,
				04B42FB929024B2400291318 /* HSFeedsViewController.m */,
			);
			path = runtime;
			sourceTree = "<group>";
		};
		51ED3110EF7ED7C982C5ECA3 /* Frameworks */ = {
			isa = PBXGroup;
			children = (
				861008AF9C5CF96FB6E0A67B /* libPods-SwiftStudyBook.a */,
			);
			name = Frameworks;
			sourceTree = "<group>";
		};
		CA4D39E7EA04E4AEA272290E /* Pods */ = {
			isa = PBXGroup;
			children = (
				F6A01FF6C82694507C108D6B /* Pods-SwiftStudyBook.debug.xcconfig */,
				1DA3D70638DFA65DD4D714EB /* Pods-SwiftStudyBook.release.xcconfig */,
			);
			path = Pods;
			sourceTree = "<group>";
		};
/* End PBXGroup section */

/* Begin PBXNativeTarget section */
		186A31EF24DA997A0066CBE5 /* SwiftStudyBook */ = {
			isa = PBXNativeTarget;
			buildConfigurationList = 186A321A24DA99810066CBE5 /* Build configuration list for PBXNativeTarget "SwiftStudyBook" */;
			buildPhases = (
				D016B0FE2E4DCA6CF01268D2 /* [CP] Check Pods Manifest.lock */,
				186A31EC24DA997A0066CBE5 /* Sources */,
				186A31ED24DA997A0066CBE5 /* Frameworks */,
				186A31EE24DA997A0066CBE5 /* Resources */,
			);
			buildRules = (
			);
			dependencies = (
			);
			name = SwiftStudyBook;
			productName = SwiftStudyBook;
			productReference = 186A31F024DA997A0066CBE5 /* SwiftStudyBook.app */;
			productType = "com.apple.product-type.application";
		};
		186A320524DA99810066CBE5 /* SwiftStudyBookTests */ = {
			isa = PBXNativeTarget;
			buildConfigurationList = 186A321D24DA99810066CBE5 /* Build configuration list for PBXNativeTarget "SwiftStudyBookTests" */;
			buildPhases = (
				186A320224DA99810066CBE5 /* Sources */,
				186A320324DA99810066CBE5 /* Frameworks */,
				186A320424DA99810066CBE5 /* Resources */,
			);
			buildRules = (
			);
			dependencies = (
				186A320824DA99810066CBE5 /* PBXTargetDependency */,
			);
			name = SwiftStudyBookTests;
			productName = SwiftStudyBookTests;
			productReference = 186A320624DA99810066CBE5 /* SwiftStudyBookTests.xctest */;
			productType = "com.apple.product-type.bundle.unit-test";
		};
		186A321024DA99810066CBE5 /* SwiftStudyBookUITests */ = {
			isa = PBXNativeTarget;
			buildConfigurationList = 186A322024DA99810066CBE5 /* Build configuration list for PBXNativeTarget "SwiftStudyBookUITests" */;
			buildPhases = (
				186A320D24DA99810066CBE5 /* Sources */,
				186A320E24DA99810066CBE5 /* Frameworks */,
				186A320F24DA99810066CBE5 /* Resources */,
			);
			buildRules = (
			);
			dependencies = (
				186A321324DA99810066CBE5 /* PBXTargetDependency */,
			);
			name = SwiftStudyBookUITests;
			productName = SwiftStudyBookUITests;
			productReference = 186A321124DA99810066CBE5 /* SwiftStudyBookUITests.xctest */;
			productType = "com.apple.product-type.bundle.ui-testing";
		};
/* End PBXNativeTarget section */

/* Begin PBXProject section */
		186A31E824DA997A0066CBE5 /* Project object */ = {
			isa = PBXProject;
			attributes = {
				LastSwiftUpdateCheck = 1130;
				LastUpgradeCheck = 1130;
				ORGANIZATIONNAME = tcs;
				TargetAttributes = {
					186A31EF24DA997A0066CBE5 = {
						CreatedOnToolsVersion = 11.3.1;
						LastSwiftMigration = 1130;
					};
					186A320524DA99810066CBE5 = {
						CreatedOnToolsVersion = 11.3.1;
						TestTargetID = 186A31EF24DA997A0066CBE5;
					};
					186A321024DA99810066CBE5 = {
						CreatedOnToolsVersion = 11.3.1;
						TestTargetID = 186A31EF24DA997A0066CBE5;
					};
				};
			};
			buildConfigurationList = 186A31EB24DA997A0066CBE5 /* Build configuration list for PBXProject "SwiftStudyBook" */;
			compatibilityVersion = "Xcode 9.3";
			developmentRegion = en;
			hasScannedForEncodings = 0;
			knownRegions = (
				en,
				Base,
			);
			mainGroup = 186A31E724DA997A0066CBE5;
			productRefGroup = 186A31F124DA997A0066CBE5 /* Products */;
			projectDirPath = "";
			projectRoot = "";
			targets = (
				186A31EF24DA997A0066CBE5 /* SwiftStudyBook */,
				186A320524DA99810066CBE5 /* SwiftStudyBookTests */,
				186A321024DA99810066CBE5 /* SwiftStudyBookUITests */,
			);
		};
/* End PBXProject section */

/* Begin PBXResourcesBuildPhase section */
		186A31EE24DA997A0066CBE5 /* Resources */ = {
			isa = PBXResourcesBuildPhase;
			buildActionMask = 2147483647;
			files = (
				18505ACA2578DCAA00C88CB1 /* icon_xiaoma@2x.png in Resources */,
				18505AC92578DCAA00C88CB1 /* icon_xiaoma@3x.png in Resources */,
				18481611273A1AAE009CAFB3 /* btn_pengyouquan@3x.png in Resources */,
				1848160E273A1AAE009CAFB3 /* btn_pengyouquan@2x.png in Resources */,
				186A320024DA99800066CBE5 /* LaunchScreen.storyboard in Resources */,
				186A31FD24DA99800066CBE5 /* Assets.xcassets in Resources */,
				1848160F273A1AAE009CAFB3 /* btn_location_4.0.9@2x.png in Resources */,
				186A31FB24DA997A0066CBE5 /* Main.storyboard in Resources */,
				18481610273A1AAE009CAFB3 /* icon_qq_pre1@2x.png in Resources */,
				1848160D273A1AAE009CAFB3 /* btn_location_4.0.9@3x.png in Resources */,
				18481612273A1AAE009CAFB3 /* icon_qq_pre1@3x.png in Resources */,
				186A324924DA9A0F0066CBE5 /* testXIB.xib in Resources */,
			);
			runOnlyForDeploymentPostprocessing = 0;
		};
		186A320424DA99810066CBE5 /* Resources */ = {
			isa = PBXResourcesBuildPhase;
			buildActionMask = 2147483647;
			files = (
			);
			runOnlyForDeploymentPostprocessing = 0;
		};
		186A320F24DA99810066CBE5 /* Resources */ = {
			isa = PBXResourcesBuildPhase;
			buildActionMask = 2147483647;
			files = (
			);
			runOnlyForDeploymentPostprocessing = 0;
		};
/* End PBXResourcesBuildPhase section */

/* Begin PBXShellScriptBuildPhase section */
		D016B0FE2E4DCA6CF01268D2 /* [CP] Check Pods Manifest.lock */ = {
			isa = PBXShellScriptBuildPhase;
			buildActionMask = 2147483647;
			files = (
			);
			inputFileListPaths = (
			);
			inputPaths = (
				"${PODS_PODFILE_DIR_PATH}/Podfile.lock",
				"${PODS_ROOT}/Manifest.lock",
			);
			name = "[CP] Check Pods Manifest.lock";
			outputFileListPaths = (
			);
			outputPaths = (
				"$(DERIVED_FILE_DIR)/Pods-SwiftStudyBook-checkManifestLockResult.txt",
			);
			runOnlyForDeploymentPostprocessing = 0;
			shellPath = /bin/sh;
			shellScript = "diff \"${PODS_PODFILE_DIR_PATH}/Podfile.lock\" \"${PODS_ROOT}/Manifest.lock\" > /dev/null\nif [ $? != 0 ] ; then\n    # print error to STDERR\n    echo \"error: The sandbox is not in sync with the Podfile.lock. Run 'pod install' or update your CocoaPods installation.\" >&2\n    exit 1\nfi\n# This output is used by Xcode 'outputs' to avoid re-running this script phase.\necho \"SUCCESS\" > \"${SCRIPT_OUTPUT_FILE_0}\"\n";
			showEnvVarsInLog = 0;
		};
/* End PBXShellScriptBuildPhase section */

/* Begin PBXSourcesBuildPhase section */
		186A31EC24DA997A0066CBE5 /* Sources */ = {
			isa = PBXSourcesBuildPhase;
			buildActionMask = 2147483647;
			files = (
				186A325524DA9A0F0066CBE5 /* PuBuLiuLay.swift in Sources */,
				04EC655228BF588700742E08 /* UIButton+DelaySwizzling.m in Sources */,
				186A31F824DA997A0066CBE5 /* ViewController.swift in Sources */,
				18E9465A24ED11E400A9A0B8 /* BaseTableVC.m in Sources */,
				04496892291CD5A200DF0E5E /* ClassStructEnum.swift in Sources */,
				186A324824DA9A0F0066CBE5 /* testXIB.swift in Sources */,
				189D071E27C365660073D004 /* LayNeedView.m in Sources */,
				186CE651251065DB00B84E9B /* UIColor+extend.m in Sources */,
				1846912725C1613F009E879B /* NSImage+FNPWebCache.m in Sources */,
				186A31F424DA997A0066CBE5 /* AppDelegate.swift in Sources */,
				04EC655528BF60ED00742E08 /* UITableView+ReloadDataSwizzling.m in Sources */,
				1846904B25BFFB10009E879B /* FNPAFHTTPSessionManager.m in Sources */,
				041DC7A529A75AC40013D4E2 /* UIStyleViewController.m in Sources */,
				186CE658251065DB00B84E9B /* NSString+MD5.m in Sources */,
				1846904A25BFFB10009E879B /* FNPAFNetworkReachabilityManager.m in Sources */,
				1899DE7A26F2E2DB00C54B03 /* BlockViewController.m in Sources */,
				1846912025C1613F009E879B /* FNPSDWebImageFrame.m in Sources */,
				186CE65A251065DB00B84E9B /* NSArray+Safe.m in Sources */,
				18C6B86126E0C73A00805922 /* Person.m in Sources */,
				1846904825BFFB10009E879B /* FNPAFURLRequestSerialization.m in Sources */,
				1846912925C1613F009E879B /* FNPSDWebImageDownloaderOperation.m in Sources */,
				186A325624DA9A0F0066CBE5 /* VariableDefineFile.swift in Sources */,
				1846904C25BFFB10009E879B /* FNPAFURLSessionManager.m in Sources */,
				1899FB92257DF8DA00931DD5 /* Transfoem3DVC.m in Sources */,
				186A324624DA9A0F0066CBE5 /* PersonOne.swift in Sources */,
				1846912125C1613F009E879B /* FNPSDWebImageCompat.m in Sources */,
				18481615273B688B009CAFB3 /* MYCustumText.m in Sources */,
				04EC655828BF61AF00742E08 /* TCSTabPlaceholderView.swift in Sources */,
				1846912325C1613F009E879B /* UIView+FNPWebCacheOperation.m in Sources */,
				04B42FBA29024B2400291318 /* HSFeedsViewController.m in Sources */,
				186CE650251065DB00B84E9B /* UILabel+LeftTopAlign.m in Sources */,
				186A325824DA9A0F0066CBE5 /* BaseExtension.swift in Sources */,
				043F86D628ABC641003268EC /* UIButton+Ex.m in Sources */,
				186CE64C251065DB00B84E9B /* NSMutableArray+Safe.m in Sources */,
				18C6B85E26E0C50900805922 /* RuntimeViewController.m in Sources */,
				18E9465724ED118200A9A0B8 /* BaseOCVC.m in Sources */,
				186A324724DA9A0F0066CBE5 /* HomeVC.swift in Sources */,
				186CE655251065DB00B84E9B /* NSDictionary+DIcLog.m in Sources */,
				1846911825C1613F009E879B /* FNPSDWebImageDownloader.m in Sources */,
				1846911925C1613F009E879B /* FNPSDWebImageCoderHelper.m in Sources */,
				1846911F25C1613F009E879B /* UIImageView+FNPWebCache.m in Sources */,
				186A324C24DA9A0F0066CBE5 /* BaseViewController.swift in Sources */,
				186A31F624DA997A0066CBE5 /* SceneDelegate.swift in Sources */,
				186CE65B251065DB00B84E9B /* UILabel+BaseLabel.m in Sources */,
				1846911E25C1613F009E879B /* UIImage+FNPMultiFormat.m in Sources */,
				186A325224DA9A0F0066CBE5 /* SecondDetailVC.swift in Sources */,
				1846912825C1613F009E879B /* FNPSDWebImageCoder.m in Sources */,
				043F86D228ABBF22003268EC /* NSArray+TCSSafe.m in Sources */,
				1886CF9A2577691C00EC06EB /* LayerViewController.m in Sources */,
				1846904725BFFB10009E879B /* FNPAFSecurityPolicy.m in Sources */,
				186A325424DA9A0F0066CBE5 /* TripCarCollectionViewCell.swift in Sources */,
				186A324A24DA9A0F0066CBE5 /* BaseNavController.swift in Sources */,
				1846911A25C1613F009E879B /* FNPSDImageCacheConfig.m in Sources */,
				186A325124DA9A0F0066CBE5 /* FifthVC.swift in Sources */,
				186CE64E251065DB00B84E9B /* GlobalVariablesClass.m in Sources */,
				186A324B24DA9A0F0066CBE5 /* CityButton.swift in Sources */,
				186CE64D251065DB00B84E9B /* NSDictionary+NilSafe.m in Sources */,
				1846911D25C1613F009E879B /* FNPSDWebImageManager.m in Sources */,
				186CE64F251065DB00B84E9B /* UIImage+LightColor.m in Sources */,
				1846911C25C1613F009E879B /* FNPSDWebImageGIFCoder.m in Sources */,
				186CE659251065DB00B84E9B /* UIView+Extension.m in Sources */,
				0461C3DD28D2C7B40071D5DC /* ToolClass.m in Sources */,
				186A325324DA9A0F0066CBE5 /* SecondVC.swift in Sources */,
				1846904925BFFB10009E879B /* FNPAFURLResponseSerialization.m in Sources */,
				186A324F24DA9A0F0066CBE5 /* FourthVC.swift in Sources */,
				1846912225C1613F009E879B /* UIView+FNPWebCache.m in Sources */,
				185CF61024E29B4600565CA4 /* testOCvc.m in Sources */,
				1846912625C1613F009E879B /* NSData+FNPImageContentType.m in Sources */,
				186CE656251065DB00B84E9B /* NSObject+UndefineKey.m in Sources */,
				188773B925319C46004AE0FE /* View.swift in Sources */,
				18E9465424ED0DC400A9A0B8 /* weakStudyVC.m in Sources */,
				186CE657251065DB00B84E9B /* NSString+SwitchData.m in Sources */,
				18B6E40E24EE577E001B7BE3 /* CopyVC.m in Sources */,
				048DA3BA2938841000C15FD7 /* UIView+ShadowRadiusSide.m in Sources */,
				186A325024DA9A0F0066CBE5 /* ThirdVC.swift in Sources */,
				186A325724DA9A0F0066CBE5 /* BtnExtension.swift in Sources */,
				041DC7A229A75A680013D4E2 /* ScrollerLabel.m in Sources */,
				1846912A25C1613F009E879B /* UIButton+FNPWebCache.m in Sources */,
				1886CF9D2577770600EC06EB /* TestViewContext.m in Sources */,
				1846912525C1613F009E879B /* FNPSDWebImageImageIOCoder.m in Sources */,
				189D071B27C365260073D004 /* LayIfneedViewController.m in Sources */,
				186A324524DA9A0F0066CBE5 /* GCDViewController.swift in Sources */,
				186CE64B251065DB00B84E9B /* NSTimer+timerBlock.m in Sources */,
				18AC7D8527683B0800366326 /* CoreAnimationVC.m in Sources */,
				18B8EA79272A459C00825B0E /* RunloopViewController.m in Sources */,
				1846911B25C1613F009E879B /* FNPSDWebImageCodersManager.m in Sources */,
				046056AA296D3F9D00A3D8E0 /* ImageWithBtn.m in Sources */,
				186CE652251065DB00B84E9B /* NSData+SwitchData.m in Sources */,
				1846912425C1613F009E879B /* FNPSDImageCache.m in Sources */,
				04E2A3EA29A764F600F7C46C /* AVSpeechSynthesizerManger.m in Sources */,
				04B42FB72902400700291318 /* LoginInfo.m in Sources */,
				186A324D24DA9A0F0066CBE5 /* TableTitleVC.swift in Sources */,
				186CE653251065DB00B84E9B /* NSString+AttributedString.m in Sources */,
				186A324E24DA9A0F0066CBE5 /* BaseTabBarViewController.swift in Sources */,
				186CE626251064E900B84E9B /* CorShaVViewController.m in Sources */,
			);
			runOnlyForDeploymentPostprocessing = 0;
		};
		186A320224DA99810066CBE5 /* Sources */ = {
			isa = PBXSourcesBuildPhase;
			buildActionMask = 2147483647;
			files = (
				186A320B24DA99810066CBE5 /* SwiftStudyBookTests.swift in Sources */,
			);
			runOnlyForDeploymentPostprocessing = 0;
		};
		186A320D24DA99810066CBE5 /* Sources */ = {
			isa = PBXSourcesBuildPhase;
			buildActionMask = 2147483647;
			files = (
				186A321624DA99810066CBE5 /* SwiftStudyBookUITests.swift in Sources */,
			);
			runOnlyForDeploymentPostprocessing = 0;
		};
/* End PBXSourcesBuildPhase section */

/* Begin PBXTargetDependency section */
		186A320824DA99810066CBE5 /* PBXTargetDependency */ = {
			isa = PBXTargetDependency;
			target = 186A31EF24DA997A0066CBE5 /* SwiftStudyBook */;
			targetProxy = 186A320724DA99810066CBE5 /* PBXContainerItemProxy */;
		};
		186A321324DA99810066CBE5 /* PBXTargetDependency */ = {
			isa = PBXTargetDependency;
			target = 186A31EF24DA997A0066CBE5 /* SwiftStudyBook */;
			targetProxy = 186A321224DA99810066CBE5 /* PBXContainerItemProxy */;
		};
/* End PBXTargetDependency section */

/* Begin PBXVariantGroup section */
		186A31F924DA997A0066CBE5 /* Main.storyboard */ = {
			isa = PBXVariantGroup;
			children = (
				186A31FA24DA997A0066CBE5 /* Base */,
			);
			name = Main.storyboard;
			sourceTree = "<group>";
		};
		186A31FE24DA99800066CBE5 /* LaunchScreen.storyboard */ = {
			isa = PBXVariantGroup;
			children = (
				186A31FF24DA99800066CBE5 /* Base */,
			);
			name = LaunchScreen.storyboard;
			sourceTree = "<group>";
		};
/* End PBXVariantGroup section */

/* Begin XCBuildConfiguration section */
		186A321824DA99810066CBE5 /* Debug */ = {
			isa = XCBuildConfiguration;
			buildSettings = {
				ALWAYS_SEARCH_USER_PATHS = NO;
				CLANG_ANALYZER_NONNULL = YES;
				CLANG_ANALYZER_NUMBER_OBJECT_CONVERSION = YES_AGGRESSIVE;
				CLANG_CXX_LANGUAGE_STANDARD = "gnu++14";
				CLANG_CXX_LIBRARY = "libc++";
				CLANG_ENABLE_MODULES = YES;
				CLANG_ENABLE_OBJC_ARC = YES;
				CLANG_ENABLE_OBJC_WEAK = YES;
				CLANG_WARN_BLOCK_CAPTURE_AUTORELEASING = YES;
				CLANG_WARN_BOOL_CONVERSION = YES;
				CLANG_WARN_COMMA = YES;
				CLANG_WARN_CONSTANT_CONVERSION = YES;
				CLANG_WARN_DEPRECATED_OBJC_IMPLEMENTATIONS = YES;
				CLANG_WARN_DIRECT_OBJC_ISA_USAGE = YES_ERROR;
				CLANG_WARN_DOCUMENTATION_COMMENTS = YES;
				CLANG_WARN_EMPTY_BODY = YES;
				CLANG_WARN_ENUM_CONVERSION = YES;
				CLANG_WARN_INFINITE_RECURSION = YES;
				CLANG_WARN_INT_CONVERSION = YES;
				CLANG_WARN_NON_LITERAL_NULL_CONVERSION = YES;
				CLANG_WARN_OBJC_IMPLICIT_RETAIN_SELF = YES;
				CLANG_WARN_OBJC_LITERAL_CONVERSION = YES;
				CLANG_WARN_OBJC_ROOT_CLASS = YES_ERROR;
				CLANG_WARN_RANGE_LOOP_ANALYSIS = YES;
				CLANG_WARN_STRICT_PROTOTYPES = YES;
				CLANG_WARN_SUSPICIOUS_MOVE = YES;
				CLANG_WARN_UNGUARDED_AVAILABILITY = YES_AGGRESSIVE;
				CLANG_WARN_UNREACHABLE_CODE = YES;
				CLANG_WARN__DUPLICATE_METHOD_MATCH = YES;
				COPY_PHASE_STRIP = NO;
				DEBUG_INFORMATION_FORMAT = dwarf;
				ENABLE_STRICT_OBJC_MSGSEND = YES;
				ENABLE_TESTABILITY = YES;
				GCC_C_LANGUAGE_STANDARD = gnu11;
				GCC_DYNAMIC_NO_PIC = NO;
				GCC_NO_COMMON_BLOCKS = YES;
				GCC_OPTIMIZATION_LEVEL = 0;
				GCC_PREPROCESSOR_DEFINITIONS = (
					"DEBUG=1",
					"$(inherited)",
				);
				GCC_WARN_64_TO_32_BIT_CONVERSION = YES;
				GCC_WARN_ABOUT_RETURN_TYPE = YES_ERROR;
				GCC_WARN_UNDECLARED_SELECTOR = YES;
				GCC_WARN_UNINITIALIZED_AUTOS = YES_AGGRESSIVE;
				GCC_WARN_UNUSED_FUNCTION = YES;
				GCC_WARN_UNUSED_VARIABLE = YES;
				IPHONEOS_DEPLOYMENT_TARGET = 12.0;
				MTL_ENABLE_DEBUG_INFO = INCLUDE_SOURCE;
				MTL_FAST_MATH = YES;
				ONLY_ACTIVE_ARCH = YES;
				SDKROOT = iphoneos;
				SWIFT_ACTIVE_COMPILATION_CONDITIONS = DEBUG;
				SWIFT_OPTIMIZATION_LEVEL = "-Onone";
			};
			name = Debug;
		};
		186A321924DA99810066CBE5 /* Release */ = {
			isa = XCBuildConfiguration;
			buildSettings = {
				ALWAYS_SEARCH_USER_PATHS = NO;
				CLANG_ANALYZER_NONNULL = YES;
				CLANG_ANALYZER_NUMBER_OBJECT_CONVERSION = YES_AGGRESSIVE;
				CLANG_CXX_LANGUAGE_STANDARD = "gnu++14";
				CLANG_CXX_LIBRARY = "libc++";
				CLANG_ENABLE_MODULES = YES;
				CLANG_ENABLE_OBJC_ARC = YES;
				CLANG_ENABLE_OBJC_WEAK = YES;
				CLANG_WARN_BLOCK_CAPTURE_AUTORELEASING = YES;
				CLANG_WARN_BOOL_CONVERSION = YES;
				CLANG_WARN_COMMA = YES;
				CLANG_WARN_CONSTANT_CONVERSION = YES;
				CLANG_WARN_DEPRECATED_OBJC_IMPLEMENTATIONS = YES;
				CLANG_WARN_DIRECT_OBJC_ISA_USAGE = YES_ERROR;
				CLANG_WARN_DOCUMENTATION_COMMENTS = YES;
				CLANG_WARN_EMPTY_BODY = YES;
				CLANG_WARN_ENUM_CONVERSION = YES;
				CLANG_WARN_INFINITE_RECURSION = YES;
				CLANG_WARN_INT_CONVERSION = YES;
				CLANG_WARN_NON_LITERAL_NULL_CONVERSION = YES;
				CLANG_WARN_OBJC_IMPLICIT_RETAIN_SELF = YES;
				CLANG_WARN_OBJC_LITERAL_CONVERSION = YES;
				CLANG_WARN_OBJC_ROOT_CLASS = YES_ERROR;
				CLANG_WARN_RANGE_LOOP_ANALYSIS = YES;
				CLANG_WARN_STRICT_PROTOTYPES = YES;
				CLANG_WARN_SUSPICIOUS_MOVE = YES;
				CLANG_WARN_UNGUARDED_AVAILABILITY = YES_AGGRESSIVE;
				CLANG_WARN_UNREACHABLE_CODE = YES;
				CLANG_WARN__DUPLICATE_METHOD_MATCH = YES;
				COPY_PHASE_STRIP = NO;
				DEBUG_INFORMATION_FORMAT = "dwarf-with-dsym";
				ENABLE_NS_ASSERTIONS = NO;
				ENABLE_STRICT_OBJC_MSGSEND = YES;
				GCC_C_LANGUAGE_STANDARD = gnu11;
				GCC_NO_COMMON_BLOCKS = YES;
				GCC_WARN_64_TO_32_BIT_CONVERSION = YES;
				GCC_WARN_ABOUT_RETURN_TYPE = YES_ERROR;
				GCC_WARN_UNDECLARED_SELECTOR = YES;
				GCC_WARN_UNINITIALIZED_AUTOS = YES_AGGRESSIVE;
				GCC_WARN_UNUSED_FUNCTION = YES;
				GCC_WARN_UNUSED_VARIABLE = YES;
				IPHONEOS_DEPLOYMENT_TARGET = 12.0;
				MTL_ENABLE_DEBUG_INFO = NO;
				MTL_FAST_MATH = YES;
				SDKROOT = iphoneos;
				SWIFT_COMPILATION_MODE = wholemodule;
				SWIFT_OPTIMIZATION_LEVEL = "-O";
				VALIDATE_PRODUCT = YES;
			};
			name = Release;
		};
		186A321B24DA99810066CBE5 /* Debug */ = {
			isa = XCBuildConfiguration;
			baseConfigurationReference = F6A01FF6C82694507C108D6B /* Pods-SwiftStudyBook.debug.xcconfig */;
			buildSettings = {
				ASSETCATALOG_COMPILER_APPICON_NAME = AppIcon;
				CLANG_ENABLE_MODULES = YES;
				CODE_SIGN_STYLE = Automatic;
				DEFINES_MODULE = YES;
				DEVELOPMENT_TEAM = WKT27TT6LS;
				GCC_INCREASE_PRECOMPILED_HEADER_SHARING = YES;
				GCC_PRECOMPILE_PREFIX_HEADER = YES;
				GCC_PREFIX_HEADER = "$(SRCROOT)/SwiftStudyBook/TCSPrefixHeader.pch";
				INFOPLIST_FILE = SwiftStudyBook/Info.plist;
				IPHONEOS_DEPLOYMENT_TARGET = 9.2;
				LD_RUNPATH_SEARCH_PATHS = (
					"$(inherited)",
					"@executable_path/Frameworks",
				);
				PRODUCT_BUNDLE_IDENTIFIER = tcs.love.fei.SwiftStudyBook;
				PRODUCT_NAME = "$(TARGET_NAME)";
				SWIFT_OBJC_BRIDGING_HEADER = "$(PROJECT_DIR)/SwiftStudyBook/SwiftStudyBook-Bridging-Header.h";
				SWIFT_OPTIMIZATION_LEVEL = "-Onone";
				SWIFT_VERSION = 5.0;
				TARGETED_DEVICE_FAMILY = "1,2";
			};
			name = Debug;
		};
		186A321C24DA99810066CBE5 /* Release */ = {
			isa = XCBuildConfiguration;
			baseConfigurationReference = 1DA3D70638DFA65DD4D714EB /* Pods-SwiftStudyBook.release.xcconfig */;
			buildSettings = {
				ASSETCATALOG_COMPILER_APPICON_NAME = AppIcon;
				CLANG_ENABLE_MODULES = YES;
				CODE_SIGN_STYLE = Automatic;
				DEFINES_MODULE = YES;
				DEVELOPMENT_TEAM = WKT27TT6LS;
				GCC_INCREASE_PRECOMPILED_HEADER_SHARING = YES;
				GCC_PRECOMPILE_PREFIX_HEADER = YES;
				GCC_PREFIX_HEADER = "$(SRCROOT)/SwiftStudyBook/TCSPrefixHeader.pch";
				INFOPLIST_FILE = SwiftStudyBook/Info.plist;
				IPHONEOS_DEPLOYMENT_TARGET = 9.2;
				LD_RUNPATH_SEARCH_PATHS = (
					"$(inherited)",
					"@executable_path/Frameworks",
				);
				PRODUCT_BUNDLE_IDENTIFIER = tcs.love.fei.SwiftStudyBook;
				PRODUCT_NAME = "$(TARGET_NAME)";
				SWIFT_OBJC_BRIDGING_HEADER = "$(PROJECT_DIR)/SwiftStudyBook/SwiftStudyBook-Bridging-Header.h";
				SWIFT_VERSION = 5.0;
				TARGETED_DEVICE_FAMILY = "1,2";
			};
			name = Release;
		};
		186A321E24DA99810066CBE5 /* Debug */ = {
			isa = XCBuildConfiguration;
			buildSettings = {
				ALWAYS_EMBED_SWIFT_STANDARD_LIBRARIES = YES;
				BUNDLE_LOADER = "$(TEST_HOST)";
				CODE_SIGN_STYLE = Automatic;
				INFOPLIST_FILE = SwiftStudyBookTests/Info.plist;
				IPHONEOS_DEPLOYMENT_TARGET = 13.2;
				LD_RUNPATH_SEARCH_PATHS = (
					"$(inherited)",
					"@executable_path/Frameworks",
					"@loader_path/Frameworks",
				);
				PRODUCT_BUNDLE_IDENTIFIER = tcs.love.fei.SwiftStudyBookTests;
				PRODUCT_NAME = "$(TARGET_NAME)";
				SWIFT_VERSION = 5.0;
				TARGETED_DEVICE_FAMILY = "1,2";
				TEST_HOST = "$(BUILT_PRODUCTS_DIR)/SwiftStudyBook.app/SwiftStudyBook";
			};
			name = Debug;
		};
		186A321F24DA99810066CBE5 /* Release */ = {
			isa = XCBuildConfiguration;
			buildSettings = {
				ALWAYS_EMBED_SWIFT_STANDARD_LIBRARIES = YES;
				BUNDLE_LOADER = "$(TEST_HOST)";
				CODE_SIGN_STYLE = Automatic;
				INFOPLIST_FILE = SwiftStudyBookTests/Info.plist;
				IPHONEOS_DEPLOYMENT_TARGET = 13.2;
				LD_RUNPATH_SEARCH_PATHS = (
					"$(inherited)",
					"@executable_path/Frameworks",
					"@loader_path/Frameworks",
				);
				PRODUCT_BUNDLE_IDENTIFIER = tcs.love.fei.SwiftStudyBookTests;
				PRODUCT_NAME = "$(TARGET_NAME)";
				SWIFT_VERSION = 5.0;
				TARGETED_DEVICE_FAMILY = "1,2";
				TEST_HOST = "$(BUILT_PRODUCTS_DIR)/SwiftStudyBook.app/SwiftStudyBook";
			};
			name = Release;
		};
		186A322124DA99810066CBE5 /* Debug */ = {
			isa = XCBuildConfiguration;
			buildSettings = {
				ALWAYS_EMBED_SWIFT_STANDARD_LIBRARIES = YES;
				CODE_SIGN_STYLE = Automatic;
				INFOPLIST_FILE = SwiftStudyBookUITests/Info.plist;
				LD_RUNPATH_SEARCH_PATHS = (
					"$(inherited)",
					"@executable_path/Frameworks",
					"@loader_path/Frameworks",
				);
				PRODUCT_BUNDLE_IDENTIFIER = tcs.love.fei.SwiftStudyBookUITests;
				PRODUCT_NAME = "$(TARGET_NAME)";
				SWIFT_VERSION = 5.0;
				TARGETED_DEVICE_FAMILY = "1,2";
				TEST_TARGET_NAME = SwiftStudyBook;
			};
			name = Debug;
		};
		186A322224DA99810066CBE5 /* Release */ = {
			isa = XCBuildConfiguration;
			buildSettings = {
				ALWAYS_EMBED_SWIFT_STANDARD_LIBRARIES = YES;
				CODE_SIGN_STYLE = Automatic;
				INFOPLIST_FILE = SwiftStudyBookUITests/Info.plist;
				LD_RUNPATH_SEARCH_PATHS = (
					"$(inherited)",
					"@executable_path/Frameworks",
					"@loader_path/Frameworks",
				);
				PRODUCT_BUNDLE_IDENTIFIER = tcs.love.fei.SwiftStudyBookUITests;
				PRODUCT_NAME = "$(TARGET_NAME)";
				SWIFT_VERSION = 5.0;
				TARGETED_DEVICE_FAMILY = "1,2";
				TEST_TARGET_NAME = SwiftStudyBook;
			};
			name = Release;
		};
/* End XCBuildConfiguration section */

/* Begin XCConfigurationList section */
		186A31EB24DA997A0066CBE5 /* Build configuration list for PBXProject "SwiftStudyBook" */ = {
			isa = XCConfigurationList;
			buildConfigurations = (
				186A321824DA99810066CBE5 /* Debug */,
				186A321924DA99810066CBE5 /* Release */,
			);
			defaultConfigurationIsVisible = 0;
			defaultConfigurationName = Release;
		};
		186A321A24DA99810066CBE5 /* Build configuration list for PBXNativeTarget "SwiftStudyBook" */ = {
			isa = XCConfigurationList;
			buildConfigurations = (
				186A321B24DA99810066CBE5 /* Debug */,
				186A321C24DA99810066CBE5 /* Release */,
			);
			defaultConfigurationIsVisible = 0;
			defaultConfigurationName = Release;
		};
		186A321D24DA99810066CBE5 /* Build configuration list for PBXNativeTarget "SwiftStudyBookTests" */ = {
			isa = XCConfigurationList;
			buildConfigurations = (
				186A321E24DA99810066CBE5 /* Debug */,
				186A321F24DA99810066CBE5 /* Release */,
			);
			defaultConfigurationIsVisible = 0;
			defaultConfigurationName = Release;
		};
		186A322024DA99810066CBE5 /* Build configuration list for PBXNativeTarget "SwiftStudyBookUITests" */ = {
			isa = XCConfigurationList;
			buildConfigurations = (
				186A322124DA99810066CBE5 /* Debug */,
				186A322224DA99810066CBE5 /* Release */,
			);
			defaultConfigurationIsVisible = 0;
			defaultConfigurationName = Release;
		};
/* End XCConfigurationList section */
	};
	rootObject = 186A31E824DA997A0066CBE5 /* Project object */;
}
