PODS:
  - AFNetworking (3.2.1):
    - AFNetworking/NSURLSession (= 3.2.1)
    - AFNetworking/Reachability (= 3.2.1)
    - AFNetworking/Security (= 3.2.1)
    - AFNetworking/Serialization (= 3.2.1)
    - AFNetworking/UIKit (= 3.2.1)
  - AFNetworking/NSURLSession (3.2.1):
    - AFNetworking/Reachability
    - AFNetworking/Security
    - AFNetworking/Serialization
  - AFNetworking/Reachability (3.2.1)
  - AFNetworking/Security (3.2.1)
  - AFNetworking/Serialization (3.2.1)
  - AFNetworking/UIKit (3.2.1):
    - AFNetworking/NSURLSession
  - Alamofire (5.7.1)
  - BGFMDB (2.0.13):
    - BGFMDB/BG (= 2.0.13)
    - BGFMDB/FMDB (= 2.0.13)
  - BGFMDB/BG (2.0.13):
    - BGFMDB/FMDB
  - BGFMDB/FMDB (2.0.13)
  - CTMediator (48)
  - HandyFrame (1.2.0)
  - JCore (2.2.5)
  - JPush (3.3.3):
    - JCore (< 3.0.0, >= 2.0.0)
  - JTAppleCalendar (7.1.8)
  - Kingfisher (6.3.1)
  - Masonry (1.1.0)
  - MBProgressHUD (1.2.0)
  - MJExtension (3.2.1)
  - MJRefresh (3.7.5)
  - Moya (15.0.0):
    - Moya/Core (= 15.0.0)
  - Moya/Core (15.0.0):
    - Alamofire (~> 5.0)
  - ObjectMapper (4.2.0)
  - PGDatePicker (2.6.9):
    - PGPickerView
  - PGPickerView (1.3.8)
  - SDWebImage (5.8.0):
    - SDWebImage/Core (= 5.8.0)
  - SDWebImage/Core (5.8.0)
  - SnapKit (5.0.1)
  - SVPullToRefresh (0.4.1)
  - SwiftMessages (9.0.6):
    - SwiftMessages/App (= 9.0.6)
  - SwiftMessages/App (9.0.6)
  - SwiftyJSON (5.0.1)
  - Toast-Swift (5.0.1)
  - WMPlayer (5.0.0):
    - Masonry
  - YYKit (1.0.9):
    - YYKit/no-arc (= 1.0.9)
  - YYKit/no-arc (1.0.9)
  - ZFPlayer (4.1.4):
    - ZFPlayer/Core (= 4.1.4)
  - ZFPlayer/AVPlayer (4.1.4):
    - ZFPlayer/Core
  - ZFPlayer/ControlView (4.1.4):
    - ZFPlayer/Core
  - ZFPlayer/Core (4.1.4)

DEPENDENCIES:
  - AFNetworking
  - BGFMDB
  - CTMediator (~> 48)
  - HandyFrame
  - JPush
  - JTAppleCalendar (~> 7.1)
  - Kingfisher
  - Masonry
  - MBProgressHUD
  - MJExtension
  - MJRefresh
  - Moya
  - ObjectMapper
  - PGDatePicker
  - SDWebImage
  - SnapKit (~> 5.0.0)
  - SVPullToRefresh
  - SwiftMessages
  - SwiftyJSON
  - Toast-Swift
  - WMPlayer (~> 5.0.0)
  - YYKit (~> 1.0.9)
  - ZFPlayer (~> 4.1.4)
  - ZFPlayer/AVPlayer (~> 4.1.4)
  - ZFPlayer/ControlView (~> 4.1.4)

SPEC REPOS:
  https://github.com/CocoaPods/Specs.git:
    - AFNetworking
    - BGFMDB
    - JCore
    - JPush
    - Masonry
    - MBProgressHUD
    - MJExtension
    - SDWebImage
    - SVPullToRefresh
  trunk:
    - Alamofire
    - CTMediator
    - HandyFrame
    - JTAppleCalendar
    - Kingfisher
    - MJRefresh
    - Moya
    - ObjectMapper
    - PGDatePicker
    - PGPickerView
    - SnapKit
    - SwiftMessages
    - SwiftyJSON
    - Toast-Swift
    - WMPlayer
    - YYKit
    - ZFPlayer

SPEC CHECKSUMS:
  AFNetworking: cb604b1c2bded0871f5f61f5d53653739e841d6b
  Alamofire: 0123a34370cb170936ae79a8df46cc62b2edeb88
  BGFMDB: 48e6823027232402a678acc7f71484b1fc9171d0
  CTMediator: 3f3578b525b3a46a7a2f92a99922ec40363f4269
  HandyFrame: 437df83ba7563c56cd55b9bd0128561995463110
  JCore: d75c0306dc99875d323d23e5a063b3a3ef22335a
  JPush: 61b3dc8c2bdefb7c48e7ca283f9fe42e71bfe063
  JTAppleCalendar: b7fb40852f5f319fe55c8ec3861f1de0edc99cc8
  Kingfisher: 016c8b653a35add51dd34a3aba36b580041acc74
  Masonry: 678fab65091a9290e40e2832a55e7ab731aad201
  MBProgressHUD: 3ee5efcc380f6a79a7cc9b363dd669c5e1ae7406
  MJExtension: 635f2c663dcb1bf76fa4b715b2570a5710aec545
  MJRefresh: fdf5e979eb406a0341468932d1dfc8b7f9fce961
  Moya: 138f0573e53411fb3dc17016add0b748dfbd78ee
  ObjectMapper: 1eb41f610210777375fa806bf161dc39fb832b81
  PGDatePicker: 88960f3760edac96219c10320f25536ad31d0f44
  PGPickerView: 037acfb132a4c8054fb43aaa59a5ff50c7f747f5
  SDWebImage: 84000f962cbfa70c07f19d2234cbfcf5d779b5dc
  SnapKit: 97b92857e3df3a0c71833cce143274bf6ef8e5eb
  SVPullToRefresh: ba2e718695a43253d8bea6852d2960097dc15d8c
  SwiftMessages: f0c7ef4705a570ad6c5e208b611f4333e660ed92
  SwiftyJSON: 2f33a42c6fbc52764d96f13368585094bfd8aa5e
  Toast-Swift: 9b6a70f28b3bf0b96c40d46c0c4b9d6639846711
  WMPlayer: a914f80ed5dca7cd9e3a94ec07a2b02eec8c15c0
  YYKit: 7cda43304a8dc3696c449041e2cb3107b4e236e7
  ZFPlayer: 5cf39e8d9f0c2394a014b0db4767b5b5a6bffe13

PODFILE CHECKSUM: 21fe0a78beaf0eade5afd0efbca7a17758f566f1

COCOAPODS: 1.12.1
